// !$*UTF8*$!
{
	archiveVersion = 1;
	classes = {
	};
	objectVersion = 50;
	objects = {

/* Begin PBXBuildFile section */
		BE0182B72381972E0075E20E /* AppDelegate.swift in Sources */ = {isa = PBXBuildFile; fileRef = BE0182B62381972E0075E20E /* AppDelegate.swift */; };
		BE0182B92381972E0075E20E /* PuzzleViewController.swift in Sources */ = {isa = PBXBuildFile; fileRef = BE0182B82381972E0075E20E /* PuzzleViewController.swift */; };
		BE0182BC2381972E0075E20E /* Main.storyboard in Resources */ = {isa = PBXBuildFile; fileRef = BE0182BA2381972E0075E20E /* Main.storyboard */; };
		BE0182BE238197310075E20E /* Assets.xcassets in Resources */ = {isa = PBXBuildFile; fileRef = BE0182BD238197310075E20E /* Assets.xcassets */; };
		BE0182C1238197310075E20E /* LaunchScreen.storyboard in Resources */ = {isa = PBXBuildFile; fileRef = BE0182BF238197310075E20E /* LaunchScreen.storyboard */; };
		BE0182CC238197310075E20E /* ZigazagPuzzleTests.swift in Sources */ = {isa = PBXBuildFile; fileRef = BE0182CB238197310075E20E /* ZigazagPuzzleTests.swift */; };
		BE0182D7238197310075E20E /* ZigazagPuzzleUITests.swift in Sources */ = {isa = PBXBuildFile; fileRef = BE0182D6238197310075E20E /* ZigazagPuzzleUITests.swift */; };
		BE0182E9238197600075E20E /* ViewSquare.swift in Sources */ = {isa = PBXBuildFile; fileRef = BE0182E4238197600075E20E /* ViewSquare.swift */; };
		BE0182EA238197600075E20E /* sample.jpg in Resources */ = {isa = PBXBuildFile; fileRef = BE0182E5238197600075E20E /* sample.jpg */; };
		BE0182EB238197600075E20E /* ImageHandler.swift in Sources */ = {isa = PBXBuildFile; fileRef = BE0182E6238197600075E20E /* ImageHandler.swift */; };
		BE0182EC238197600075E20E /* ImageSquareHandler.swift in Sources */ = {isa = PBXBuildFile; fileRef = BE0182E7238197600075E20E /* ImageSquareHandler.swift */; };
		BE0182ED238197600075E20E /* ImageSquare.swift in Sources */ = {isa = PBXBuildFile; fileRef = BE0182E8238197600075E20E /* ImageSquare.swift */; };
		BE0182EF238198460075E20E /* SquareType.swift in Sources */ = {isa = PBXBuildFile; fileRef = BE0182EE238198450075E20E /* SquareType.swift */; };
		BE0376C7239C1DAE00F75CC1 /* ImageViewCell.swift in Sources */ = {isa = PBXBuildFile; fileRef = BE0376C6239C1DAE00F75CC1 /* ImageViewCell.swift */; };
		BE0376C9239C222B00F75CC1 /* PhotoViewController.swift in Sources */ = {isa = PBXBuildFile; fileRef = BE0376C8239C222B00F75CC1 /* PhotoViewController.swift */; };
		BE0376CC239C246C00F75CC1 /* dog_bathtub.jpg in Resources */ = {isa = PBXBuildFile; fileRef = BE0376CB239C246C00F75CC1 /* dog_bathtub.jpg */; };
		BE0376CE239C25C200F75CC1 /* angry_pumpking.jpg in Resources */ = {isa = PBXBuildFile; fileRef = BE0376CD239C25C200F75CC1 /* angry_pumpking.jpg */; };
		BE0376D0239C265B00F75CC1 /* super_hero1.jpg in Resources */ = {isa = PBXBuildFile; fileRef = BE0376CF239C265A00F75CC1 /* super_hero1.jpg */; };
		BE0376D2239C27B100F75CC1 /* fish_bubble.jpg in Resources */ = {isa = PBXBuildFile; fileRef = BE0376D1239C27B100F75CC1 /* fish_bubble.jpg */; };
		BE0376D4239C27C700F75CC1 /* eating_shark.jpg in Resources */ = {isa = PBXBuildFile; fileRef = BE0376D3239C27C700F75CC1 /* eating_shark.jpg */; };
		BE0376D6239C2A0A00F75CC1 /* linux.jpg in Resources */ = {isa = PBXBuildFile; fileRef = BE0376D5239C2A0900F75CC1 /* linux.jpg */; };
		BE0376D8239C2A1300F75CC1 /* moon_landing.jpg in Resources */ = {isa = PBXBuildFile; fileRef = BE0376D7239C2A1300F75CC1 /* moon_landing.jpg */; };
		BE0376DA239C2AAA00F75CC1 /* teetch.jpg in Resources */ = {isa = PBXBuildFile; fileRef = BE0376D9239C2AAA00F75CC1 /* teetch.jpg */; };
		BE0376DC239C2B1F00F75CC1 /* bunny.jpg in Resources */ = {isa = PBXBuildFile; fileRef = BE0376DB239C2B1F00F75CC1 /* bunny.jpg */; };
		BE0376DE239C2B6600F75CC1 /* puzzle_images_data.json in Resources */ = {isa = PBXBuildFile; fileRef = BE0376DD239C2B6600F75CC1 /* puzzle_images_data.json */; };
		BEFE5ADE23966049000E567F /* AppConstants.swift in Sources */ = {isa = PBXBuildFile; fileRef = BEFE5ADD23966049000E567F /* AppConstants.swift */; };
		BEFE63CF239B85AF004831BB /* GameMusic.swift in Sources */ = {isa = PBXBuildFile; fileRef = BEFE63CE239B85AF004831BB /* GameMusic.swift */; };
		BEFE63D1239B8709004831BB /* ting.mp3 in Resources */ = {isa = PBXBuildFile; fileRef = BEFE63D0239B8709004831BB /* ting.mp3 */; };
/* End PBXBuildFile section */

/* Begin PBXContainerItemProxy section */
		BE0182C8238197310075E20E /* PBXContainerItemProxy */ = {
			isa = PBXContainerItemProxy;
			containerPortal = BE0182AB2381972D0075E20E /* Project object */;
			proxyType = 1;
			remoteGlobalIDString = BE0182B22381972E0075E20E;
			remoteInfo = ZigazagPuzzle;
		};
		BE0182D3238197310075E20E /* PBXContainerItemProxy */ = {
			isa = PBXContainerItemProxy;
			containerPortal = BE0182AB2381972D0075E20E /* Project object */;
			proxyType = 1;
			remoteGlobalIDString = BE0182B22381972E0075E20E;
			remoteInfo = ZigazagPuzzle;
		};
/* End PBXContainerItemProxy section */

/* Begin PBXFileReference section */
		BE0182B32381972E0075E20E /* ZigazagPuzzle.app */ = {isa = PBXFileReference; explicitFileType = wrapper.application; includeInIndex = 0; path = ZigazagPuzzle.app; sourceTree = BUILT_PRODUCTS_DIR; };
		BE0182B62381972E0075E20E /* AppDelegate.swift */ = {isa = PBXFileReference; lastKnownFileType = sourcecode.swift; path = AppDelegate.swift; sourceTree = "<group>"; };
		BE0182B82381972E0075E20E /* PuzzleViewController.swift */ = {isa = PBXFileReference; lastKnownFileType = sourcecode.swift; path = PuzzleViewController.swift; sourceTree = "<group>"; };
		BE0182BB2381972E0075E20E /* Base */ = {isa = PBXFileReference; lastKnownFileType = file.storyboard; name = Base; path = Base.lproj/Main.storyboard; sourceTree = "<group>"; };
		BE0182BD238197310075E20E /* Assets.xcassets */ = {isa = PBXFileReference; lastKnownFileType = folder.assetcatalog; path = Assets.xcassets; sourceTree = "<group>"; };
		BE0182C0238197310075E20E /* Base */ = {isa = PBXFileReference; lastKnownFileType = file.storyboard; name = Base; path = Base.lproj/LaunchScreen.storyboard; sourceTree = "<group>"; };
		BE0182C2238197310075E20E /* Info.plist */ = {isa = PBXFileReference; lastKnownFileType = text.plist.xml; path = Info.plist; sourceTree = "<group>"; };
		BE0182C7238197310075E20E /* ZigazagPuzzleTests.xctest */ = {isa = PBXFileReference; explicitFileType = wrapper.cfbundle; includeInIndex = 0; path = ZigazagPuzzleTests.xctest; sourceTree = BUILT_PRODUCTS_DIR; };
		BE0182CB238197310075E20E /* ZigazagPuzzleTests.swift */ = {isa = PBXFileReference; lastKnownFileType = sourcecode.swift; path = ZigazagPuzzleTests.swift; sourceTree = "<group>"; };
		BE0182CD238197310075E20E /* Info.plist */ = {isa = PBXFileReference; lastKnownFileType = text.plist.xml; path = Info.plist; sourceTree = "<group>"; };
		BE0182D2238197310075E20E /* ZigazagPuzzleUITests.xctest */ = {isa = PBXFileReference; explicitFileType = wrapper.cfbundle; includeInIndex = 0; path = ZigazagPuzzleUITests.xctest; sourceTree = BUILT_PRODUCTS_DIR; };
		BE0182D6238197310075E20E /* ZigazagPuzzleUITests.swift */ = {isa = PBXFileReference; lastKnownFileType = sourcecode.swift; path = ZigazagPuzzleUITests.swift; sourceTree = "<group>"; };
		BE0182D8238197310075E20E /* Info.plist */ = {isa = PBXFileReference; lastKnownFileType = text.plist.xml; path = Info.plist; sourceTree = "<group>"; };
		BE0182E4238197600075E20E /* ViewSquare.swift */ = {isa = PBXFileReference; fileEncoding = 4; lastKnownFileType = sourcecode.swift; path = ViewSquare.swift; sourceTree = "<group>"; };
		BE0182E5238197600075E20E /* sample.jpg */ = {isa = PBXFileReference; lastKnownFileType = image.jpeg; path = sample.jpg; sourceTree = "<group>"; };
		BE0182E6238197600075E20E /* ImageHandler.swift */ = {isa = PBXFileReference; fileEncoding = 4; lastKnownFileType = sourcecode.swift; path = ImageHandler.swift; sourceTree = "<group>"; xcLanguageSpecificationIdentifier = xcode.lang.swift; };
		BE0182E7238197600075E20E /* ImageSquareHandler.swift */ = {isa = PBXFileReference; fileEncoding = 4; lastKnownFileType = sourcecode.swift; path = ImageSquareHandler.swift; sourceTree = "<group>"; };
		BE0182E8238197600075E20E /* ImageSquare.swift */ = {isa = PBXFileReference; fileEncoding = 4; lastKnownFileType = sourcecode.swift; path = ImageSquare.swift; sourceTree = "<group>"; };
		BE0182EE238198450075E20E /* SquareType.swift */ = {isa = PBXFileReference; fileEncoding = 4; lastKnownFileType = sourcecode.swift; path = SquareType.swift; sourceTree = "<group>"; };
		BE0376C6239C1DAE00F75CC1 /* ImageViewCell.swift */ = {isa = PBXFileReference; lastKnownFileType = sourcecode.swift; path = ImageViewCell.swift; sourceTree = "<group>"; };
		BE0376C8239C222B00F75CC1 /* PhotoViewController.swift */ = {isa = PBXFileReference; lastKnownFileType = sourcecode.swift; path = PhotoViewController.swift; sourceTree = "<group>"; };
		BE0376CB239C246C00F75CC1 /* dog_bathtub.jpg */ = {isa = PBXFileReference; lastKnownFileType = image.jpeg; path = dog_bathtub.jpg; sourceTree = "<group>"; };
		BE0376CD239C25C200F75CC1 /* angry_pumpking.jpg */ = {isa = PBXFileReference; lastKnownFileType = image.jpeg; path = angry_pumpking.jpg; sourceTree = "<group>"; };
		BE0376CF239C265A00F75CC1 /* super_hero1.jpg */ = {isa = PBXFileReference; lastKnownFileType = image.jpeg; path = super_hero1.jpg; sourceTree = "<group>"; };
		BE0376D1239C27B100F75CC1 /* fish_bubble.jpg */ = {isa = PBXFileReference; lastKnownFileType = image.jpeg; path = fish_bubble.jpg; sourceTree = "<group>"; };
		BE0376D3239C27C700F75CC1 /* eating_shark.jpg */ = {isa = PBXFileReference; lastKnownFileType = image.jpeg; path = eating_shark.jpg; sourceTree = "<group>"; };
		BE0376D5239C2A0900F75CC1 /* linux.jpg */ = {isa = PBXFileReference; lastKnownFileType = image.jpeg; path = linux.jpg; sourceTree = "<group>"; };
		BE0376D7239C2A1300F75CC1 /* moon_landing.jpg */ = {isa = PBXFileReference; lastKnownFileType = image.jpeg; path = moon_landing.jpg; sourceTree = "<group>"; };
		BE0376D9239C2AAA00F75CC1 /* teetch.jpg */ = {isa = PBXFileReference; lastKnownFileType = image.jpeg; path = teetch.jpg; sourceTree = "<group>"; };
		BE0376DB239C2B1F00F75CC1 /* bunny.jpg */ = {isa = PBXFileReference; lastKnownFileType = image.jpeg; path = bunny.jpg; sourceTree = "<group>"; };
		BE0376DD239C2B6600F75CC1 /* puzzle_images_data.json */ = {isa = PBXFileReference; lastKnownFileType = text.json; path = puzzle_images_data.json; sourceTree = "<group>"; };
		BEFE5ADD23966049000E567F /* AppConstants.swift */ = {isa = PBXFileReference; lastKnownFileType = sourcecode.swift; path = AppConstants.swift; sourceTree = "<group>"; };
		BEFE63CE239B85AF004831BB /* GameMusic.swift */ = {isa = PBXFileReference; lastKnownFileType = sourcecode.swift; path = GameMusic.swift; sourceTree = "<group>"; };
		BEFE63D0239B8709004831BB /* ting.mp3 */ = {isa = PBXFileReference; lastKnownFileType = audio.mp3; path = ting.mp3; sourceTree = "<group>"; };
/* End PBXFileReference section */

/* Begin PBXFrameworksBuildPhase section */
		BE0182B02381972E0075E20E /* Frameworks */ = {
			isa = PBXFrameworksBuildPhase;
			buildActionMask = 2147483647;
			files = (
			);
			runOnlyForDeploymentPostprocessing = 0;
		};
		BE0182C4238197310075E20E /* Frameworks */ = {
			isa = PBXFrameworksBuildPhase;
			buildActionMask = 2147483647;
			files = (
			);
			runOnlyForDeploymentPostprocessing = 0;
		};
		BE0182CF238197310075E20E /* Frameworks */ = {
			isa = PBXFrameworksBuildPhase;
			buildActionMask = 2147483647;
			files = (
			);
			runOnlyForDeploymentPostprocessing = 0;
		};
/* End PBXFrameworksBuildPhase section */

/* Begin PBXGroup section */
		BE0182AA2381972D0075E20E = {
			isa = PBXGroup;
			children = (
				BE0182B52381972E0075E20E /* ZigazagPuzzle */,
				BE0182CA238197310075E20E /* ZigazagPuzzleTests */,
				BE0182D5238197310075E20E /* ZigazagPuzzleUITests */,
				BE0182B42381972E0075E20E /* Products */,
			);
			sourceTree = "<group>";
		};
		BE0182B42381972E0075E20E /* Products */ = {
			isa = PBXGroup;
			children = (
				BE0182B32381972E0075E20E /* ZigazagPuzzle.app */,
				BE0182C7238197310075E20E /* ZigazagPuzzleTests.xctest */,
				BE0182D2238197310075E20E /* ZigazagPuzzleUITests.xctest */,
			);
			name = Products;
			sourceTree = "<group>";
		};
		BE0182B52381972E0075E20E /* ZigazagPuzzle */ = {
			isa = PBXGroup;
			children = (
				BE0376CA239C246000F75CC1 /* images */,
				BE0376C5239C1D6400F75CC1 /* data */,
				BEFE63CD239B859A004831BB /* sounds */,
				BE0182C2238197310075E20E /* Info.plist */,
				BE0A9CA52397AA2800594598 /* AppConfig */,
				BE0A9CA62397B6B600594598 /* GameClass */,
				BE0182B82381972E0075E20E /* PuzzleViewController.swift */,
				BE0376C8239C222B00F75CC1 /* PhotoViewController.swift */,
			);
			path = ZigazagPuzzle;
			sourceTree = "<group>";
		};
		BE0182CA238197310075E20E /* ZigazagPuzzleTests */ = {
			isa = PBXGroup;
			children = (
				BE0182CB238197310075E20E /* ZigazagPuzzleTests.swift */,
				BE0182CD238197310075E20E /* Info.plist */,
			);
			path = ZigazagPuzzleTests;
			sourceTree = "<group>";
		};
		BE0182D5238197310075E20E /* ZigazagPuzzleUITests */ = {
			isa = PBXGroup;
			children = (
				BE0182D6238197310075E20E /* ZigazagPuzzleUITests.swift */,
				BE0182D8238197310075E20E /* Info.plist */,
			);
			path = ZigazagPuzzleUITests;
			sourceTree = "<group>";
		};
		BE0376C5239C1D6400F75CC1 /* data */ = {
			isa = PBXGroup;
			children = (
				BE0376C6239C1DAE00F75CC1 /* ImageViewCell.swift */,
			);
			path = data;
			sourceTree = "<group>";
		};
		BE0376CA239C246000F75CC1 /* images */ = {
			isa = PBXGroup;
			children = (
				BE0376DB239C2B1F00F75CC1 /* bunny.jpg */,
				BE0376D9239C2AAA00F75CC1 /* teetch.jpg */,
				BE0376D3239C27C700F75CC1 /* eating_shark.jpg */,
				BE0376D5239C2A0900F75CC1 /* linux.jpg */,
				BE0376D1239C27B100F75CC1 /* fish_bubble.jpg */,
				BE0376CF239C265A00F75CC1 /* super_hero1.jpg */,
				BE0376D7239C2A1300F75CC1 /* moon_landing.jpg */,
				BE0376CB239C246C00F75CC1 /* dog_bathtub.jpg */,
				BE0376CD239C25C200F75CC1 /* angry_pumpking.jpg */,
				BE0376DD239C2B6600F75CC1 /* puzzle_images_data.json */,
			);
			path = images;
			sourceTree = "<group>";
		};
		BE0A9CA52397AA2800594598 /* AppConfig */ = {
			isa = PBXGroup;
			children = (
				BE0182E5238197600075E20E /* sample.jpg */,
				BE0182B62381972E0075E20E /* AppDelegate.swift */,
				BEFE5ADD23966049000E567F /* AppConstants.swift */,
				BE0182BA2381972E0075E20E /* Main.storyboard */,
				BE0182BD238197310075E20E /* Assets.xcassets */,
				BE0182BF238197310075E20E /* LaunchScreen.storyboard */,
			);
			path = AppConfig;
			sourceTree = "<group>";
		};
		BE0A9CA62397B6B600594598 /* GameClass */ = {
			isa = PBXGroup;
			children = (
				BE0182E8238197600075E20E /* ImageSquare.swift */,
				BE0182E6238197600075E20E /* ImageHandler.swift */,
				BE0182E7238197600075E20E /* ImageSquareHandler.swift */,
				BE0182EE238198450075E20E /* SquareType.swift */,
				BE0182E4238197600075E20E /* ViewSquare.swift */,
			);
			path = GameClass;
			sourceTree = "<group>";
		};
		BEFE63CD239B859A004831BB /* sounds */ = {
			isa = PBXGroup;
			children = (
				BEFE63D0239B8709004831BB /* ting.mp3 */,
				BEFE63CE239B85AF004831BB /* GameMusic.swift */,
			);
			path = sounds;
			sourceTree = "<group>";
		};
/* End PBXGroup section */

/* Begin PBXNativeTarget section */
		BE0182B22381972E0075E20E /* ZigazagPuzzle */ = {
			isa = PBXNativeTarget;
			buildConfigurationList = BE0182DB238197310075E20E /* Build configuration list for PBXNativeTarget "ZigazagPuzzle" */;
			buildPhases = (
				BE0182AF2381972E0075E20E /* Sources */,
				BE0182B02381972E0075E20E /* Frameworks */,
				BE0182B12381972E0075E20E /* Resources */,
			);
			buildRules = (
			);
			dependencies = (
			);
			name = ZigazagPuzzle;
			productName = ZigazagPuzzle;
			productReference = BE0182B32381972E0075E20E /* ZigazagPuzzle.app */;
			productType = "com.apple.product-type.application";
		};
		BE0182C6238197310075E20E /* ZigazagPuzzleTests */ = {
			isa = PBXNativeTarget;
			buildConfigurationList = BE0182DE238197310075E20E /* Build configuration list for PBXNativeTarget "ZigazagPuzzleTests" */;
			buildPhases = (
				BE0182C3238197310075E20E /* Sources */,
				BE0182C4238197310075E20E /* Frameworks */,
				BE0182C5238197310075E20E /* Resources */,
			);
			buildRules = (
			);
			dependencies = (
				BE0182C9238197310075E20E /* PBXTargetDependency */,
			);
			name = ZigazagPuzzleTests;
			productName = ZigazagPuzzleTests;
			productReference = BE0182C7238197310075E20E /* ZigazagPuzzleTests.xctest */;
			productType = "com.apple.product-type.bundle.unit-test";
		};
		BE0182D1238197310075E20E /* ZigazagPuzzleUITests */ = {
			isa = PBXNativeTarget;
			buildConfigurationList = BE0182E1238197310075E20E /* Build configuration list for PBXNativeTarget "ZigazagPuzzleUITests" */;
			buildPhases = (
				BE0182CE238197310075E20E /* Sources */,
				BE0182CF238197310075E20E /* Frameworks */,
				BE0182D0238197310075E20E /* Resources */,
			);
			buildRules = (
			);
			dependencies = (
				BE0182D4238197310075E20E /* PBXTargetDependency */,
			);
			name = ZigazagPuzzleUITests;
			productName = ZigazagPuzzleUITests;
			productReference = BE0182D2238197310075E20E /* ZigazagPuzzleUITests.xctest */;
			productType = "com.apple.product-type.bundle.ui-testing";
		};
/* End PBXNativeTarget section */

/* Begin PBXProject section */
		BE0182AB2381972D0075E20E /* Project object */ = {
			isa = PBXProject;
			attributes = {
				LastSwiftUpdateCheck = 1020;
				LastUpgradeCheck = 1020;
				ORGANIZATIONNAME = "Mostafizur Rahman";
				TargetAttributes = {
					BE0182B22381972E0075E20E = {
						CreatedOnToolsVersion = 10.2;
					};
					BE0182C6238197310075E20E = {
						CreatedOnToolsVersion = 10.2;
						TestTargetID = BE0182B22381972E0075E20E;
					};
					BE0182D1238197310075E20E = {
						CreatedOnToolsVersion = 10.2;
						TestTargetID = BE0182B22381972E0075E20E;
					};
				};
			};
			buildConfigurationList = BE0182AE2381972D0075E20E /* Build configuration list for PBXProject "ZigazagPuzzle" */;
			compatibilityVersion = "Xcode 9.3";
			developmentRegion = en;
			hasScannedForEncodings = 0;
			knownRegions = (
				en,
				Base,
			);
			mainGroup = BE0182AA2381972D0075E20E;
			productRefGroup = BE0182B42381972E0075E20E /* Products */;
			projectDirPath = "";
			projectRoot = "";
			targets = (
				BE0182B22381972E0075E20E /* ZigazagPuzzle */,
				BE0182C6238197310075E20E /* ZigazagPuzzleTests */,
				BE0182D1238197310075E20E /* ZigazagPuzzleUITests */,
			);
		};
/* End PBXProject section */

/* Begin PBXResourcesBuildPhase section */
		BE0182B12381972E0075E20E /* Resources */ = {
			isa = PBXResourcesBuildPhase;
			buildActionMask = 2147483647;
			files = (
				BE0182C1238197310075E20E /* LaunchScreen.storyboard in Resources */,
				BE0376DE239C2B6600F75CC1 /* puzzle_images_data.json in Resources */,
				BE0376CE239C25C200F75CC1 /* angry_pumpking.jpg in Resources */,
				BEFE63D1239B8709004831BB /* ting.mp3 in Resources */,
				BE0376D0239C265B00F75CC1 /* super_hero1.jpg in Resources */,
				BE0182BE238197310075E20E /* Assets.xcassets in Resources */,
				BE0376CC239C246C00F75CC1 /* dog_bathtub.jpg in Resources */,
				BE0376D2239C27B100F75CC1 /* fish_bubble.jpg in Resources */,
				BE0376D6239C2A0A00F75CC1 /* linux.jpg in Resources */,
				BE0376DC239C2B1F00F75CC1 /* bunny.jpg in Resources */,
				BE0376D8239C2A1300F75CC1 /* moon_landing.jpg in Resources */,
				BE0182BC2381972E0075E20E /* Main.storyboard in Resources */,
				BE0182EA238197600075E20E /* sample.jpg in Resources */,
				BE0376DA239C2AAA00F75CC1 /* teetch.jpg in Resources */,
				BE0376D4239C27C700F75CC1 /* eating_shark.jpg in Resources */,
			);
			runOnlyForDeploymentPostprocessing = 0;
		};
		BE0182C5238197310075E20E /* Resources */ = {
			isa = PBXResourcesBuildPhase;
			buildActionMask = 2147483647;
			files = (
			);
			runOnlyForDeploymentPostprocessing = 0;
		};
		BE0182D0238197310075E20E /* Resources */ = {
			isa = PBXResourcesBuildPhase;
			buildActionMask = 2147483647;
			files = (
			);
			runOnlyForDeploymentPostprocessing = 0;
		};
/* End PBXResourcesBuildPhase section */

/* Begin PBXSourcesBuildPhase section */
		BE0182AF2381972E0075E20E /* Sources */ = {
			isa = PBXSourcesBuildPhase;
			buildActionMask = 2147483647;
			files = (
				BE0182B92381972E0075E20E /* PuzzleViewController.swift in Sources */,
				BE0182E9238197600075E20E /* ViewSquare.swift in Sources */,
				BE0182ED238197600075E20E /* ImageSquare.swift in Sources */,
				BEFE5ADE23966049000E567F /* AppConstants.swift in Sources */,
				BE0182EC238197600075E20E /* ImageSquareHandler.swift in Sources */,
				BE0182EF238198460075E20E /* SquareType.swift in Sources */,
				BE0182EB238197600075E20E /* ImageHandler.swift in Sources */,
				BEFE63CF239B85AF004831BB /* GameMusic.swift in Sources */,
				BE0376C7239C1DAE00F75CC1 /* ImageViewCell.swift in Sources */,
				BE0182B72381972E0075E20E /* AppDelegate.swift in Sources */,
				BE0376C9239C222B00F75CC1 /* PhotoViewController.swift in Sources */,
			);
			runOnlyForDeploymentPostprocessing = 0;
		};
		BE0182C3238197310075E20E /* Sources */ = {
			isa = PBXSourcesBuildPhase;
			buildActionMask = 2147483647;
			files = (
				BE0182CC238197310075E20E /* ZigazagPuzzleTests.swift in Sources */,
			);
			runOnlyForDeploymentPostprocessing = 0;
		};
		BE0182CE238197310075E20E /* Sources */ = {
			isa = PBXSourcesBuildPhase;
			buildActionMask = 2147483647;
			files = (
				BE0182D7238197310075E20E /* ZigazagPuzzleUITests.swift in Sources */,
			);
			runOnlyForDeploymentPostprocessing = 0;
		};
/* End PBXSourcesBuildPhase section */

/* Begin PBXTargetDependency section */
		BE0182C9238197310075E20E /* PBXTargetDependency */ = {
			isa = PBXTargetDependency;
			target = BE0182B22381972E0075E20E /* ZigazagPuzzle */;
			targetProxy = BE0182C8238197310075E20E /* PBXContainerItemProxy */;
		};
		BE0182D4238197310075E20E /* PBXTargetDependency */ = {
			isa = PBXTargetDependency;
			target = BE0182B22381972E0075E20E /* ZigazagPuzzle */;
			targetProxy = BE0182D3238197310075E20E /* PBXContainerItemProxy */;
		};
/* End PBXTargetDependency section */

/* Begin PBXVariantGroup section */
		BE0182BA2381972E0075E20E /* Main.storyboard */ = {
			isa = PBXVariantGroup;
			children = (
				BE0182BB2381972E0075E20E /* Base */,
			);
			name = Main.storyboard;
			sourceTree = "<group>";
		};
		BE0182BF238197310075E20E /* LaunchScreen.storyboard */ = {
			isa = PBXVariantGroup;
			children = (
				BE0182C0238197310075E20E /* Base */,
			);
			name = LaunchScreen.storyboard;
			sourceTree = "<group>";
		};
/* End PBXVariantGroup section */

/* Begin XCBuildConfiguration section */
		BE0182D9238197310075E20E /* Debug */ = {
			isa = XCBuildConfiguration;
			buildSettings = {
				ALWAYS_SEARCH_USER_PATHS = NO;
				CLANG_ANALYZER_NONNULL = YES;
				CLANG_ANALYZER_NUMBER_OBJECT_CONVERSION = YES_AGGRESSIVE;
				CLANG_CXX_LANGUAGE_STANDARD = "gnu++14";
				CLANG_CXX_LIBRARY = "libc++";
				CLANG_ENABLE_MODULES = YES;
				CLANG_ENABLE_OBJC_ARC = YES;
				CLANG_ENABLE_OBJC_WEAK = YES;
				CLANG_WARN_BLOCK_CAPTURE_AUTORELEASING = YES;
				CLANG_WARN_BOOL_CONVERSION = YES;
				CLANG_WARN_COMMA = YES;
				CLANG_WARN_CONSTANT_CONVERSION = YES;
				CLANG_WARN_DEPRECATED_OBJC_IMPLEMENTATIONS = YES;
				CLANG_WARN_DIRECT_OBJC_ISA_USAGE = YES_ERROR;
				CLANG_WARN_DOCUMENTATION_COMMENTS = YES;
				CLANG_WARN_EMPTY_BODY = YES;
				CLANG_WARN_ENUM_CONVERSION = YES;
				CLANG_WARN_INFINITE_RECURSION = YES;
				CLANG_WARN_INT_CONVERSION = YES;
				CLANG_WARN_NON_LITERAL_NULL_CONVERSION = YES;
				CLANG_WARN_OBJC_IMPLICIT_RETAIN_SELF = YES;
				CLANG_WARN_OBJC_LITERAL_CONVERSION = YES;
				CLANG_WARN_OBJC_ROOT_CLASS = YES_ERROR;
				CLANG_WARN_RANGE_LOOP_ANALYSIS = YES;
				CLANG_WARN_STRICT_PROTOTYPES = YES;
				CLANG_WARN_SUSPICIOUS_MOVE = YES;
				CLANG_WARN_UNGUARDED_AVAILABILITY = YES_AGGRESSIVE;
				CLANG_WARN_UNREACHABLE_CODE = YES;
				CLANG_WARN__DUPLICATE_METHOD_MATCH = YES;
				CODE_SIGN_IDENTITY = "iPhone Developer";
				COPY_PHASE_STRIP = NO;
				DEBUG_INFORMATION_FORMAT = dwarf;
				ENABLE_STRICT_OBJC_MSGSEND = YES;
				ENABLE_TESTABILITY = YES;
				GCC_C_LANGUAGE_STANDARD = gnu11;
				GCC_DYNAMIC_NO_PIC = NO;
				GCC_NO_COMMON_BLOCKS = YES;
				GCC_OPTIMIZATION_LEVEL = 0;
				GCC_PREPROCESSOR_DEFINITIONS = (
					"DEBUG=1",
					"$(inherited)",
				);
				GCC_WARN_64_TO_32_BIT_CONVERSION = YES;
				GCC_WARN_ABOUT_RETURN_TYPE = YES_ERROR;
				GCC_WARN_UNDECLARED_SELECTOR = YES;
				GCC_WARN_UNINITIALIZED_AUTOS = YES_AGGRESSIVE;
				GCC_WARN_UNUSED_FUNCTION = YES;
				GCC_WARN_UNUSED_VARIABLE = YES;
				IPHONEOS_DEPLOYMENT_TARGET = 12.2;
				MTL_ENABLE_DEBUG_INFO = INCLUDE_SOURCE;
				MTL_FAST_MATH = YES;
				ONLY_ACTIVE_ARCH = YES;
				SDKROOT = iphoneos;
				SWIFT_ACTIVE_COMPILATION_CONDITIONS = DEBUG;
				SWIFT_OPTIMIZATION_LEVEL = "-Onone";
			};
			name = Debug;
		};
		BE0182DA238197310075E20E /* Release */ = {
			isa = XCBuildConfiguration;
			buildSettings = {
				ALWAYS_SEARCH_USER_PATHS = NO;
				CLANG_ANALYZER_NONNULL = YES;
				CLANG_ANALYZER_NUMBER_OBJECT_CONVERSION = YES_AGGRESSIVE;
				CLANG_CXX_LANGUAGE_STANDARD = "gnu++14";
				CLANG_CXX_LIBRARY = "libc++";
				CLANG_ENABLE_MODULES = YES;
				CLANG_ENABLE_OBJC_ARC = YES;
				CLANG_ENABLE_OBJC_WEAK = YES;
				CLANG_WARN_BLOCK_CAPTURE_AUTORELEASING = YES;
				CLANG_WARN_BOOL_CONVERSION = YES;
				CLANG_WARN_COMMA = YES;
				CLANG_WARN_CONSTANT_CONVERSION = YES;
				CLANG_WARN_DEPRECATED_OBJC_IMPLEMENTATIONS = YES;
				CLANG_WARN_DIRECT_OBJC_ISA_USAGE = YES_ERROR;
				CLANG_WARN_DOCUMENTATION_COMMENTS = YES;
				CLANG_WARN_EMPTY_BODY = YES;
				CLANG_WARN_ENUM_CONVERSION = YES;
				CLANG_WARN_INFINITE_RECURSION = YES;
				CLANG_WARN_INT_CONVERSION = YES;
				CLANG_WARN_NON_LITERAL_NULL_CONVERSION = YES;
				CLANG_WARN_OBJC_IMPLICIT_RETAIN_SELF = YES;
				CLANG_WARN_OBJC_LITERAL_CONVERSION = YES;
				CLANG_WARN_OBJC_ROOT_CLASS = YES_ERROR;
				CLANG_WARN_RANGE_LOOP_ANALYSIS = YES;
				CLANG_WARN_STRICT_PROTOTYPES = YES;
				CLANG_WARN_SUSPICIOUS_MOVE = YES;
				CLANG_WARN_UNGUARDED_AVAILABILITY = YES_AGGRESSIVE;
				CLANG_WARN_UNREACHABLE_CODE = YES;
				CLANG_WARN__DUPLICATE_METHOD_MATCH = YES;
				CODE_SIGN_IDENTITY = "iPhone Developer";
				COPY_PHASE_STRIP = NO;
				DEBUG_INFORMATION_FORMAT = "dwarf-with-dsym";
				ENABLE_NS_ASSERTIONS = NO;
				ENABLE_STRICT_OBJC_MSGSEND = YES;
				GCC_C_LANGUAGE_STANDARD = gnu11;
				GCC_NO_COMMON_BLOCKS = YES;
				GCC_WARN_64_TO_32_BIT_CONVERSION = YES;
				GCC_WARN_ABOUT_RETURN_TYPE = YES_ERROR;
				GCC_WARN_UNDECLARED_SELECTOR = YES;
				GCC_WARN_UNINITIALIZED_AUTOS = YES_AGGRESSIVE;
				GCC_WARN_UNUSED_FUNCTION = YES;
				GCC_WARN_UNUSED_VARIABLE = YES;
				IPHONEOS_DEPLOYMENT_TARGET = 12.2;
				MTL_ENABLE_DEBUG_INFO = NO;
				MTL_FAST_MATH = YES;
				SDKROOT = iphoneos;
				SWIFT_COMPILATION_MODE = wholemodule;
				SWIFT_OPTIMIZATION_LEVEL = "-O";
				VALIDATE_PRODUCT = YES;
			};
			name = Release;
		};
		BE0182DC238197310075E20E /* Debug */ = {
			isa = XCBuildConfiguration;
			buildSettings = {
				ASSETCATALOG_COMPILER_APPICON_NAME = AppIcon;
				CODE_SIGN_STYLE = Automatic;
				DEVELOPMENT_TEAM = 2VZ7V842VP;
				INFOPLIST_FILE = ZigazagPuzzle/Info.plist;
				LD_RUNPATH_SEARCH_PATHS = (
					"$(inherited)",
					"@executable_path/Frameworks",
				);
				PRODUCT_BUNDLE_IDENTIFIER = imageapp.ZigazagPuzzle;
				PRODUCT_NAME = "$(TARGET_NAME)";
				SWIFT_VERSION = 5.0;
				TARGETED_DEVICE_FAMILY = "1,2";
			};
			name = Debug;
		};
		BE0182DD238197310075E20E /* Release */ = {
			isa = XCBuildConfiguration;
			buildSettings = {
				ASSETCATALOG_COMPILER_APPICON_NAME = AppIcon;
				CODE_SIGN_STYLE = Automatic;
				DEVELOPMENT_TEAM = 2VZ7V842VP;
				INFOPLIST_FILE = ZigazagPuzzle/Info.plist;
				LD_RUNPATH_SEARCH_PATHS = (
					"$(inherited)",
					"@executable_path/Frameworks",
				);
				PRODUCT_BUNDLE_IDENTIFIER = imageapp.ZigazagPuzzle;
				PRODUCT_NAME = "$(TARGET_NAME)";
				SWIFT_VERSION = 5.0;
				TARGETED_DEVICE_FAMILY = "1,2";
			};
			name = Release;
		};
		BE0182DF238197310075E20E /* Debug */ = {
			isa = XCBuildConfiguration;
			buildSettings = {
				ALWAYS_EMBED_SWIFT_STANDARD_LIBRARIES = YES;
				BUNDLE_LOADER = "$(TEST_HOST)";
				CODE_SIGN_STYLE = Automatic;
				DEVELOPMENT_TEAM = 2VZ7V842VP;
				INFOPLIST_FILE = ZigazagPuzzleTests/Info.plist;
				LD_RUNPATH_SEARCH_PATHS = (
					"$(inherited)",
					"@executable_path/Frameworks",
					"@loader_path/Frameworks",
				);
				PRODUCT_BUNDLE_IDENTIFIER = imageapp.ZigazagPuzzleTests;
				PRODUCT_NAME = "$(TARGET_NAME)";
				SWIFT_VERSION = 5.0;
				TARGETED_DEVICE_FAMILY = "1,2";
				TEST_HOST = "$(BUILT_PRODUCTS_DIR)/ZigazagPuzzle.app/ZigazagPuzzle";
			};
			name = Debug;
		};
		BE0182E0238197310075E20E /* Release */ = {
			isa = XCBuildConfiguration;
			buildSettings = {
				ALWAYS_EMBED_SWIFT_STANDARD_LIBRARIES = YES;
				BUNDLE_LOADER = "$(TEST_HOST)";
				CODE_SIGN_STYLE = Automatic;
				DEVELOPMENT_TEAM = 2VZ7V842VP;
				INFOPLIST_FILE = ZigazagPuzzleTests/Info.plist;
				LD_RUNPATH_SEARCH_PATHS = (
					"$(inherited)",
					"@executable_path/Frameworks",
					"@loader_path/Frameworks",
				);
				PRODUCT_BUNDLE_IDENTIFIER = imageapp.ZigazagPuzzleTests;
				PRODUCT_NAME = "$(TARGET_NAME)";
				SWIFT_VERSION = 5.0;
				TARGETED_DEVICE_FAMILY = "1,2";
				TEST_HOST = "$(BUILT_PRODUCTS_DIR)/ZigazagPuzzle.app/ZigazagPuzzle";
			};
			name = Release;
		};
		BE0182E2238197310075E20E /* Debug */ = {
			isa = XCBuildConfiguration;
			buildSettings = {
				ALWAYS_EMBED_SWIFT_STANDARD_LIBRARIES = YES;
				CODE_SIGN_STYLE = Automatic;
				DEVELOPMENT_TEAM = 2VZ7V842VP;
				INFOPLIST_FILE = ZigazagPuzzleUITests/Info.plist;
				LD_RUNPATH_SEARCH_PATHS = (
					"$(inherited)",
					"@executable_path/Frameworks",
					"@loader_path/Frameworks",
				);
				PRODUCT_BUNDLE_IDENTIFIER = imageapp.ZigazagPuzzleUITests;
				PRODUCT_NAME = "$(TARGET_NAME)";
				SWIFT_VERSION = 5.0;
				TARGETED_DEVICE_FAMILY = "1,2";
				TEST_TARGET_NAME = ZigazagPuzzle;
			};
			name = Debug;
		};
		BE0182E3238197310075E20E /* Release */ = {
			isa = XCBuildConfiguration;
			buildSettings = {
				ALWAYS_EMBED_SWIFT_STANDARD_LIBRARIES = YES;
				CODE_SIGN_STYLE = Automatic;
				DEVELOPMENT_TEAM = 2VZ7V842VP;
				INFOPLIST_FILE = ZigazagPuzzleUITests/Info.plist;
				LD_RUNPATH_SEARCH_PATHS = (
					"$(inherited)",
					"@executable_path/Frameworks",
					"@loader_path/Frameworks",
				);
				PRODUCT_BUNDLE_IDENTIFIER = imageapp.ZigazagPuzzleUITests;
				PRODUCT_NAME = "$(TARGET_NAME)";
				SWIFT_VERSION = 5.0;
				TARGETED_DEVICE_FAMILY = "1,2";
				TEST_TARGET_NAME = ZigazagPuzzle;
			};
			name = Release;
		};
/* End XCBuildConfiguration section */

/* Begin XCConfigurationList section */
		BE0182AE2381972D0075E20E /* Build configuration list for PBXProject "ZigazagPuzzle" */ = {
			isa = XCConfigurationList;
			buildConfigurations = (
				BE0182D9238197310075E20E /* Debug */,
				BE0182DA238197310075E20E /* Release */,
			);
			defaultConfigurationIsVisible = 0;
			defaultConfigurationName = Release;
		};
		BE0182DB238197310075E20E /* Build configuration list for PBXNativeTarget "ZigazagPuzzle" */ = {
			isa = XCConfigurationList;
			buildConfigurations = (
				BE0182DC238197310075E20E /* Debug */,
				BE0182DD238197310075E20E /* Release */,
			);
			defaultConfigurationIsVisible = 0;
			defaultConfigurationName = Release;
		};
		BE0182DE238197310075E20E /* Build configuration list for PBXNativeTarget "ZigazagPuzzleTests" */ = {
			isa = XCConfigurationList;
			buildConfigurations = (
				BE0182DF238197310075E20E /* Debug */,
				BE0182E0238197310075E20E /* Release */,
			);
			defaultConfigurationIsVisible = 0;
			defaultConfigurationName = Release;
		};
		BE0182E1238197310075E20E /* Build configuration list for PBXNativeTarget "ZigazagPuzzleUITests" */ = {
			isa = XCConfigurationList;
			buildConfigurations = (
				BE0182E2238197310075E20E /* Debug */,
				BE0182E3238197310075E20E /* Release */,
			);
			defaultConfigurationIsVisible = 0;
			defaultConfigurationName = Release;
		};
/* End XCConfigurationList section */
	};
	rootObject = BE0182AB2381972D0075E20E /* Project object */;
}
