// !$*UTF8*$!
{
	archiveVersion = 1;
	classes = {
	};
	objectVersion = 51;
	objects = {

/* Begin PBXBuildFile section */
		4F80AB48061456818793ECCE /* Pods_ZigazagPuzzleTests.framework in Frameworks */ = {isa = PBXBuildFile; fileRef = 3EF2A4F0A3D3EFA07D84D61E /* Pods_ZigazagPuzzleTests.framework */; };
		51349A0982FC87A34EC9D2E4 /* Pods_ZigazagPuzzle_ZigazagPuzzleUITests.framework in Frameworks */ = {isa = PBXBuildFile; fileRef = 82F45B5AD83AA97AA2A8CA28 /* Pods_ZigazagPuzzle_ZigazagPuzzleUITests.framework */; };
		AEC6B571F4B60A5EEFF90028 /* Pods_ZigazagPuzzle.framework in Frameworks */ = {isa = PBXBuildFile; fileRef = EA340AAD9B6CC8FB04701C86 /* Pods_ZigazagPuzzle.framework */; };
		BE0156C3242B99690041938C /* LoadingView.xib in Resources */ = {isa = PBXBuildFile; fileRef = BE0156C2242B99690041938C /* LoadingView.xib */; };
		BE0156C5242B99FE0041938C /* LoadingView.swift in Sources */ = {isa = PBXBuildFile; fileRef = BE0156C4242B99FE0041938C /* LoadingView.swift */; };
		BE0182B72381972E0075E20E /* AppDelegate.swift in Sources */ = {isa = PBXBuildFile; fileRef = BE0182B62381972E0075E20E /* AppDelegate.swift */; };
		BE0182B92381972E0075E20E /* PuzzleViewController.swift in Sources */ = {isa = PBXBuildFile; fileRef = BE0182B82381972E0075E20E /* PuzzleViewController.swift */; };
		BE0182BC2381972E0075E20E /* Main.storyboard in Resources */ = {isa = PBXBuildFile; fileRef = BE0182BA2381972E0075E20E /* Main.storyboard */; };
		BE0182BE238197310075E20E /* Assets.xcassets in Resources */ = {isa = PBXBuildFile; fileRef = BE0182BD238197310075E20E /* Assets.xcassets */; };
		BE0182C1238197310075E20E /* LaunchScreen.storyboard in Resources */ = {isa = PBXBuildFile; fileRef = BE0182BF238197310075E20E /* LaunchScreen.storyboard */; };
		BE0182CC238197310075E20E /* ZigazagPuzzleTests.swift in Sources */ = {isa = PBXBuildFile; fileRef = BE0182CB238197310075E20E /* ZigazagPuzzleTests.swift */; };
		BE0182D7238197310075E20E /* ZigazagPuzzleUITests.swift in Sources */ = {isa = PBXBuildFile; fileRef = BE0182D6238197310075E20E /* ZigazagPuzzleUITests.swift */; };
		BE0182E9238197600075E20E /* ViewSquare.swift in Sources */ = {isa = PBXBuildFile; fileRef = BE0182E4238197600075E20E /* ViewSquare.swift */; };
		BE0182EA238197600075E20E /* sample.jpg in Resources */ = {isa = PBXBuildFile; fileRef = BE0182E5238197600075E20E /* sample.jpg */; };
		BE0182EB238197600075E20E /* ImageHandler.swift in Sources */ = {isa = PBXBuildFile; fileRef = BE0182E6238197600075E20E /* ImageHandler.swift */; };
		BE0182EC238197600075E20E /* ImageSquareHandler.swift in Sources */ = {isa = PBXBuildFile; fileRef = BE0182E7238197600075E20E /* ImageSquareHandler.swift */; };
		BE0182ED238197600075E20E /* ImageSquare.swift in Sources */ = {isa = PBXBuildFile; fileRef = BE0182E8238197600075E20E /* ImageSquare.swift */; };
		BE0182EF238198460075E20E /* SquareType.swift in Sources */ = {isa = PBXBuildFile; fileRef = BE0182EE238198450075E20E /* SquareType.swift */; };
		BE0376C7239C1DAE00F75CC1 /* ImageViewCell.swift in Sources */ = {isa = PBXBuildFile; fileRef = BE0376C6239C1DAE00F75CC1 /* ImageViewCell.swift */; };
		BE0376C9239C222B00F75CC1 /* PhotoViewController.swift in Sources */ = {isa = PBXBuildFile; fileRef = BE0376C8239C222B00F75CC1 /* PhotoViewController.swift */; };
		BE0376DE239C2B6600F75CC1 /* puzzle_images_data.json in Resources */ = {isa = PBXBuildFile; fileRef = BE0376DD239C2B6600F75CC1 /* puzzle_images_data.json */; };
		BE1D454F2442AD3900363C93 /* BaseDataTask.swift in Sources */ = {isa = PBXBuildFile; fileRef = BE1D454E2442AD3900363C93 /* BaseDataTask.swift */; };
		BE1D45512442AD3F00363C93 /* DownloadDataTask.swift in Sources */ = {isa = PBXBuildFile; fileRef = BE1D45502442AD3F00363C93 /* DownloadDataTask.swift */; };
		BE1D45532442AD4600363C93 /* BaseDownloader.swift in Sources */ = {isa = PBXBuildFile; fileRef = BE1D45522442AD4600363C93 /* BaseDownloader.swift */; };
		BE1D45552442AD4E00363C93 /* DataDownloader.swift in Sources */ = {isa = PBXBuildFile; fileRef = BE1D45542442AD4E00363C93 /* DataDownloader.swift */; };
		BE276F3023B8495000C6314B /* SubscriptionViewController.swift in Sources */ = {isa = PBXBuildFile; fileRef = BE276F2F23B8495000C6314B /* SubscriptionViewController.swift */; };
		BE39FA48242E9512002418D7 /* ct2.jpg in Resources */ = {isa = PBXBuildFile; fileRef = BE39FA47242E9512002418D7 /* ct2.jpg */; settings = {ASSET_TAGS = (Cartoon, ); }; };
		BE39FA52242E9528002418D7 /* ct5.jpg in Resources */ = {isa = PBXBuildFile; fileRef = BE39FA49242E9524002418D7 /* ct5.jpg */; settings = {ASSET_TAGS = (Cartoon, ); }; };
		BE39FA53242E9528002418D7 /* ct12.jpg in Resources */ = {isa = PBXBuildFile; fileRef = BE39FA4A242E9525002418D7 /* ct12.jpg */; settings = {ASSET_TAGS = (Cartoon, ); }; };
		BE39FA54242E9528002418D7 /* ct10.jpg in Resources */ = {isa = PBXBuildFile; fileRef = BE39FA4B242E9525002418D7 /* ct10.jpg */; settings = {ASSET_TAGS = (Cartoon, ); }; };
		BE39FA55242E9528002418D7 /* ct9.jpg in Resources */ = {isa = PBXBuildFile; fileRef = BE39FA4C242E9526002418D7 /* ct9.jpg */; settings = {ASSET_TAGS = (Cartoon, ); }; };
		BE39FA56242E9528002418D7 /* ct6.jpg in Resources */ = {isa = PBXBuildFile; fileRef = BE39FA4D242E9526002418D7 /* ct6.jpg */; settings = {ASSET_TAGS = (Cartoon, ); }; };
		BE39FA57242E9528002418D7 /* ct8.jpg in Resources */ = {isa = PBXBuildFile; fileRef = BE39FA4E242E9527002418D7 /* ct8.jpg */; settings = {ASSET_TAGS = (Cartoon, ); }; };
		BE39FA58242E9528002418D7 /* ct13.jpg in Resources */ = {isa = PBXBuildFile; fileRef = BE39FA4F242E9527002418D7 /* ct13.jpg */; settings = {ASSET_TAGS = (Cartoon, ); }; };
		BE39FA59242E9528002418D7 /* ct7.jpg in Resources */ = {isa = PBXBuildFile; fileRef = BE39FA50242E9527002418D7 /* ct7.jpg */; settings = {ASSET_TAGS = (Cartoon, ); }; };
		BE39FA5A242E9528002418D7 /* ct11.jpg in Resources */ = {isa = PBXBuildFile; fileRef = BE39FA51242E9528002418D7 /* ct11.jpg */; settings = {ASSET_TAGS = (Cartoon, ); }; };
		BE39FA61242E9DE6002418D7 /* ct4.jpg in Resources */ = {isa = PBXBuildFile; fileRef = BE39FA5F242E9DE6002418D7 /* ct4.jpg */; settings = {ASSET_TAGS = (Cartoon, ); }; };
		BE39FA62242E9DE6002418D7 /* ct3.jpg in Resources */ = {isa = PBXBuildFile; fileRef = BE39FA60242E9DE6002418D7 /* ct3.jpg */; settings = {ASSET_TAGS = (Cartoon, ); }; };
		BE4259D22412412A001FF89B /* SubscriptionManager.swift in Sources */ = {isa = PBXBuildFile; fileRef = BE4259D12412412A001FF89B /* SubscriptionManager.swift */; };
		BE494BCA23D2C5CB00C5FBDF /* SettingsViewController.swift in Sources */ = {isa = PBXBuildFile; fileRef = BE494BC923D2C5CB00C5FBDF /* SettingsViewController.swift */; };
		BE494BCC23D2F28C00C5FBDF /* SettingTableCell.swift in Sources */ = {isa = PBXBuildFile; fileRef = BE494BCB23D2F28C00C5FBDF /* SettingTableCell.swift */; };
		BE494BD023D35CA200C5FBDF /* settings.plist in Resources */ = {isa = PBXBuildFile; fileRef = BE494BCF23D35CA200C5FBDF /* settings.plist */; };
		BE5DA3AB23B8097200833354 /* ImagePreview.xib in Resources */ = {isa = PBXBuildFile; fileRef = BE5DA3A923B8097100833354 /* ImagePreview.xib */; };
		BE5DA3AC23B8097200833354 /* ImagePreview.swift in Sources */ = {isa = PBXBuildFile; fileRef = BE5DA3AA23B8097100833354 /* ImagePreview.swift */; };
		BE5DA3AE23B80A0600833354 /* ShadowView.swift in Sources */ = {isa = PBXBuildFile; fileRef = BE5DA3AD23B80A0600833354 /* ShadowView.swift */; };
		BE5E20B423C5EF3F0059E7EB /* category_1.png in Resources */ = {isa = PBXBuildFile; fileRef = BE5E20B323C5EF3F0059E7EB /* category_1.png */; settings = {ASSET_TAGS = (Flowers, ); }; };
		BE5E20C523C5F6F60059E7EB /* category_2.png in Resources */ = {isa = PBXBuildFile; fileRef = BE5E20C423C5F6F60059E7EB /* category_2.png */; };
		BE5E20CC23C5FB310059E7EB /* ct0.jpg in Resources */ = {isa = PBXBuildFile; fileRef = BE5E20C823C5FB310059E7EB /* ct0.jpg */; settings = {ASSET_TAGS = (Cartoon, ); }; };
		BE5E20CD23C5FB310059E7EB /* ct1.jpg in Resources */ = {isa = PBXBuildFile; fileRef = BE5E20C923C5FB310059E7EB /* ct1.jpg */; settings = {ASSET_TAGS = (Cartoon, ); }; };
		BE5E20D023C5FE880059E7EB /* category_3.jpg in Resources */ = {isa = PBXBuildFile; fileRef = BE5E20CF23C5FE880059E7EB /* category_3.jpg */; };
		BE69E8F323DC304D001B7D71 /* privacy.html in Resources */ = {isa = PBXBuildFile; fileRef = BE69E8F023DC304D001B7D71 /* privacy.html */; };
		BE69E8F423DC304D001B7D71 /* term.html in Resources */ = {isa = PBXBuildFile; fileRef = BE69E8F123DC304D001B7D71 /* term.html */; };
		BE69E8F523DC304D001B7D71 /* subscription.html in Resources */ = {isa = PBXBuildFile; fileRef = BE69E8F223DC304D001B7D71 /* subscription.html */; };
		BE6F5FAC2444C39C004E5AB0 /* DownloaderDelegate.swift in Sources */ = {isa = PBXBuildFile; fileRef = BE6F5FAB2444C39C004E5AB0 /* DownloaderDelegate.swift */; };
		BE784CA623B9CFE700B6423D /* banner_subs.jpg in Resources */ = {isa = PBXBuildFile; fileRef = BE784CA523B9CFE600B6423D /* banner_subs.jpg */; };
		BE8B8A4923BE01AD0003CD57 /* BorderButton.swift in Sources */ = {isa = PBXBuildFile; fileRef = BE8B8A4823BE01AD0003CD57 /* BorderButton.swift */; };
		BE8B8A4B23C1C52A0003CD57 /* BackgroundShadowView.swift in Sources */ = {isa = PBXBuildFile; fileRef = BE8B8A4A23C1C52A0003CD57 /* BackgroundShadowView.swift */; };
		BE940AA2242F262100147F16 /* fl8.jpg in Resources */ = {isa = PBXBuildFile; fileRef = BE940A93242F261A00147F16 /* fl8.jpg */; settings = {ASSET_TAGS = (Flower, ); }; };
		BE940AA3242F262100147F16 /* fl10.jpg in Resources */ = {isa = PBXBuildFile; fileRef = BE940A94242F261A00147F16 /* fl10.jpg */; settings = {ASSET_TAGS = (Flower, ); }; };
		BE940AA4242F262100147F16 /* fl12.jpg in Resources */ = {isa = PBXBuildFile; fileRef = BE940A95242F261A00147F16 /* fl12.jpg */; settings = {ASSET_TAGS = (Flower, ); }; };
		BE940AA5242F262100147F16 /* fl2.jpg in Resources */ = {isa = PBXBuildFile; fileRef = BE940A96242F261A00147F16 /* fl2.jpg */; settings = {ASSET_TAGS = (Flower, ); }; };
		BE940AA6242F262100147F16 /* fl0.jpg in Resources */ = {isa = PBXBuildFile; fileRef = BE940A97242F261B00147F16 /* fl0.jpg */; settings = {ASSET_TAGS = (Flower, ); }; };
		BE940AA7242F262100147F16 /* fl1.jpg in Resources */ = {isa = PBXBuildFile; fileRef = BE940A98242F261C00147F16 /* fl1.jpg */; settings = {ASSET_TAGS = (Flower, ); }; };
		BE940AA8242F262100147F16 /* fl11.jpg in Resources */ = {isa = PBXBuildFile; fileRef = BE940A99242F261E00147F16 /* fl11.jpg */; settings = {ASSET_TAGS = (Flower, ); }; };
		BE940AA9242F262100147F16 /* fl14.jpg in Resources */ = {isa = PBXBuildFile; fileRef = BE940A9A242F261F00147F16 /* fl14.jpg */; settings = {ASSET_TAGS = (Flower, ); }; };
		BE940AAA242F262100147F16 /* fl9.jpg in Resources */ = {isa = PBXBuildFile; fileRef = BE940A9B242F261F00147F16 /* fl9.jpg */; settings = {ASSET_TAGS = (Flower, ); }; };
		BE940AAB242F262100147F16 /* fl13.jpg in Resources */ = {isa = PBXBuildFile; fileRef = BE940A9C242F261F00147F16 /* fl13.jpg */; settings = {ASSET_TAGS = (Flower, ); }; };
		BE940AAC242F262100147F16 /* fl6.jpg in Resources */ = {isa = PBXBuildFile; fileRef = BE940A9D242F261F00147F16 /* fl6.jpg */; settings = {ASSET_TAGS = (Flower, ); }; };
		BE940AAD242F262100147F16 /* fl3.jpg in Resources */ = {isa = PBXBuildFile; fileRef = BE940A9E242F262000147F16 /* fl3.jpg */; settings = {ASSET_TAGS = (Flower, ); }; };
		BE940AAE242F262100147F16 /* fl4.jpg in Resources */ = {isa = PBXBuildFile; fileRef = BE940A9F242F262000147F16 /* fl4.jpg */; settings = {ASSET_TAGS = (Flower, ); }; };
		BE940AAF242F262100147F16 /* fl5.jpg in Resources */ = {isa = PBXBuildFile; fileRef = BE940AA0242F262100147F16 /* fl5.jpg */; settings = {ASSET_TAGS = (Flower, ); }; };
		BE940AB0242F262100147F16 /* fl7.jpg in Resources */ = {isa = PBXBuildFile; fileRef = BE940AA1242F262100147F16 /* fl7.jpg */; settings = {ASSET_TAGS = (Flower, ); }; };
		BE940AC3242F36CE00147F16 /* an9.jpg in Resources */ = {isa = PBXBuildFile; fileRef = BE940AB1242F36C100147F16 /* an9.jpg */; settings = {ASSET_TAGS = (Animal, ); }; };
		BE940AC4242F36CE00147F16 /* an12.jpg in Resources */ = {isa = PBXBuildFile; fileRef = BE940AB2242F36C100147F16 /* an12.jpg */; settings = {ASSET_TAGS = (Animal, ); }; };
		BE940AC5242F36CE00147F16 /* an10.jpg in Resources */ = {isa = PBXBuildFile; fileRef = BE940AB3242F36C100147F16 /* an10.jpg */; settings = {ASSET_TAGS = (Animal, ); }; };
		BE940AC6242F36CE00147F16 /* an14.jpg in Resources */ = {isa = PBXBuildFile; fileRef = BE940AB4242F36C100147F16 /* an14.jpg */; settings = {ASSET_TAGS = (Animal, ); }; };
		BE940AC7242F36CE00147F16 /* an15.jpg in Resources */ = {isa = PBXBuildFile; fileRef = BE940AB5242F36C200147F16 /* an15.jpg */; settings = {ASSET_TAGS = (Animal, ); }; };
		BE940AC8242F36CE00147F16 /* an5.jpg in Resources */ = {isa = PBXBuildFile; fileRef = BE940AB6242F36C200147F16 /* an5.jpg */; settings = {ASSET_TAGS = (Animal, ); }; };
		BE940AC9242F36CE00147F16 /* an0.jpg in Resources */ = {isa = PBXBuildFile; fileRef = BE940AB7242F36C200147F16 /* an0.jpg */; settings = {ASSET_TAGS = (Animal, ); }; };
		BE940ACA242F36CE00147F16 /* an17.jpg in Resources */ = {isa = PBXBuildFile; fileRef = BE940AB8242F36C300147F16 /* an17.jpg */; settings = {ASSET_TAGS = (Animal, ); }; };
		BE940ACB242F36CE00147F16 /* an11.jpg in Resources */ = {isa = PBXBuildFile; fileRef = BE940AB9242F36C500147F16 /* an11.jpg */; settings = {ASSET_TAGS = (Animal, ); }; };
		BE940ACC242F36CE00147F16 /* an1.jpg in Resources */ = {isa = PBXBuildFile; fileRef = BE940ABA242F36C600147F16 /* an1.jpg */; settings = {ASSET_TAGS = (Animal, ); }; };
		BE940ACD242F36CE00147F16 /* an2.jpg in Resources */ = {isa = PBXBuildFile; fileRef = BE940ABB242F36C800147F16 /* an2.jpg */; settings = {ASSET_TAGS = (Animal, ); }; };
		BE940ACE242F36CE00147F16 /* an8.jpg in Resources */ = {isa = PBXBuildFile; fileRef = BE940ABC242F36C900147F16 /* an8.jpg */; settings = {ASSET_TAGS = (Animal, ); }; };
		BE940ACF242F36CE00147F16 /* an7.jpg in Resources */ = {isa = PBXBuildFile; fileRef = BE940ABD242F36CA00147F16 /* an7.jpg */; settings = {ASSET_TAGS = (Animal, ); }; };
		BE940AD0242F36CE00147F16 /* an3.jpg in Resources */ = {isa = PBXBuildFile; fileRef = BE940ABE242F36CC00147F16 /* an3.jpg */; settings = {ASSET_TAGS = (Animal, ); }; };
		BE940AD1242F36CE00147F16 /* an13.jpg in Resources */ = {isa = PBXBuildFile; fileRef = BE940ABF242F36CD00147F16 /* an13.jpg */; settings = {ASSET_TAGS = (Animal, ); }; };
		BE940AD2242F36CE00147F16 /* an6.jpg in Resources */ = {isa = PBXBuildFile; fileRef = BE940AC0242F36CD00147F16 /* an6.jpg */; settings = {ASSET_TAGS = (Animal, ); }; };
		BE940AD3242F36CE00147F16 /* an16.jpg in Resources */ = {isa = PBXBuildFile; fileRef = BE940AC1242F36CD00147F16 /* an16.jpg */; settings = {ASSET_TAGS = (Animal, ); }; };
		BE940AD4242F36CE00147F16 /* an4.jpg in Resources */ = {isa = PBXBuildFile; fileRef = BE940AC2242F36CD00147F16 /* an4.jpg */; settings = {ASSET_TAGS = (Animal, ); }; };
		BE940ADD242F3EF800147F16 /* pt3.jpg in Resources */ = {isa = PBXBuildFile; fileRef = BE940AD6242F3EF600147F16 /* pt3.jpg */; settings = {ASSET_TAGS = (Pet, ); }; };
		BE940ADE242F3EF800147F16 /* pt0.jpg in Resources */ = {isa = PBXBuildFile; fileRef = BE940AD7242F3EF600147F16 /* pt0.jpg */; settings = {ASSET_TAGS = (Pet, ); }; };
		BE940ADF242F3EF800147F16 /* pt5.jpg in Resources */ = {isa = PBXBuildFile; fileRef = BE940AD8242F3EF600147F16 /* pt5.jpg */; settings = {ASSET_TAGS = (Pet, ); }; };
		BE940AE0242F3EF800147F16 /* pt1.jpg in Resources */ = {isa = PBXBuildFile; fileRef = BE940AD9242F3EF600147F16 /* pt1.jpg */; settings = {ASSET_TAGS = (Pet, ); }; };
		BE940AE1242F3EF800147F16 /* pt6.jpg in Resources */ = {isa = PBXBuildFile; fileRef = BE940ADA242F3EF700147F16 /* pt6.jpg */; settings = {ASSET_TAGS = (Pet, ); }; };
		BE940AE2242F3EF800147F16 /* pt2.jpg in Resources */ = {isa = PBXBuildFile; fileRef = BE940ADB242F3EF800147F16 /* pt2.jpg */; settings = {ASSET_TAGS = (Pet, ); }; };
		BE940AE3242F3EF800147F16 /* pt4.jpg in Resources */ = {isa = PBXBuildFile; fileRef = BE940ADC242F3EF800147F16 /* pt4.jpg */; settings = {ASSET_TAGS = (Pet, ); }; };
		BE940B0C242F4B3700147F16 /* nt11.jpg in Resources */ = {isa = PBXBuildFile; fileRef = BE940B01242F4B3200147F16 /* nt11.jpg */; settings = {ASSET_TAGS = (Nature, ); }; };
		BE940B0D242F4B3700147F16 /* nt0.jpg in Resources */ = {isa = PBXBuildFile; fileRef = BE940B02242F4B3200147F16 /* nt0.jpg */; settings = {ASSET_TAGS = (Nature, ); }; };
		BE940B0E242F4B3700147F16 /* nt4.jpg in Resources */ = {isa = PBXBuildFile; fileRef = BE940B03242F4B3200147F16 /* nt4.jpg */; settings = {ASSET_TAGS = (Nature, ); }; };
		BE940B0F242F4B3700147F16 /* nt2.jpg in Resources */ = {isa = PBXBuildFile; fileRef = BE940B04242F4B3200147F16 /* nt2.jpg */; settings = {ASSET_TAGS = (Nature, ); }; };
		BE940B10242F4B3700147F16 /* nt6.jpg in Resources */ = {isa = PBXBuildFile; fileRef = BE940B05242F4B3300147F16 /* nt6.jpg */; settings = {ASSET_TAGS = (Nature, ); }; };
		BE940B11242F4B3700147F16 /* nt10.jpg in Resources */ = {isa = PBXBuildFile; fileRef = BE940B06242F4B3300147F16 /* nt10.jpg */; settings = {ASSET_TAGS = (Nature, ); }; };
		BE940B12242F4B3700147F16 /* nt7.jpg in Resources */ = {isa = PBXBuildFile; fileRef = BE940B07242F4B3300147F16 /* nt7.jpg */; settings = {ASSET_TAGS = (Nature, ); }; };
		BE940B13242F4B3700147F16 /* nt8.jpg in Resources */ = {isa = PBXBuildFile; fileRef = BE940B08242F4B3300147F16 /* nt8.jpg */; settings = {ASSET_TAGS = (Nature, ); }; };
		BE940B14242F4B3700147F16 /* nt1.jpg in Resources */ = {isa = PBXBuildFile; fileRef = BE940B09242F4B3400147F16 /* nt1.jpg */; settings = {ASSET_TAGS = (Nature, ); }; };
		BE940B15242F4B3700147F16 /* nt3.jpg in Resources */ = {isa = PBXBuildFile; fileRef = BE940B0A242F4B3500147F16 /* nt3.jpg */; settings = {ASSET_TAGS = (Nature, ); }; };
		BE940B16242F4B3700147F16 /* nt5.jpg in Resources */ = {isa = PBXBuildFile; fileRef = BE940B0B242F4B3600147F16 /* nt5.jpg */; settings = {ASSET_TAGS = (Nature, ); }; };
		BE940B18242F4C5C00147F16 /* nt9.jpg in Resources */ = {isa = PBXBuildFile; fileRef = BE940B17242F4C5B00147F16 /* nt9.jpg */; settings = {ASSET_TAGS = (Nature, ); }; };
		BE940B32242F51DB00147F16 /* pd3.jpg in Resources */ = {isa = PBXBuildFile; fileRef = BE940B1A242F51D500147F16 /* pd3.jpg */; settings = {ASSET_TAGS = (Paradox, ); }; };
		BE940B33242F51DB00147F16 /* pd8.jpg in Resources */ = {isa = PBXBuildFile; fileRef = BE940B1B242F51D500147F16 /* pd8.jpg */; settings = {ASSET_TAGS = (Paradox, ); }; };
		BE940B34242F51DB00147F16 /* pd7.jpg in Resources */ = {isa = PBXBuildFile; fileRef = BE940B1C242F51D600147F16 /* pd7.jpg */; settings = {ASSET_TAGS = (Paradox, ); }; };
		BE940B35242F51DB00147F16 /* pd9.jpg in Resources */ = {isa = PBXBuildFile; fileRef = BE940B1D242F51D600147F16 /* pd9.jpg */; settings = {ASSET_TAGS = (Paradox, ); }; };
		BE940B36242F51DB00147F16 /* pd1.jpg in Resources */ = {isa = PBXBuildFile; fileRef = BE940B1E242F51D600147F16 /* pd1.jpg */; settings = {ASSET_TAGS = (Paradox, ); }; };
		BE940B37242F51DB00147F16 /* pd6.jpg in Resources */ = {isa = PBXBuildFile; fileRef = BE940B1F242F51D600147F16 /* pd6.jpg */; settings = {ASSET_TAGS = (Paradox, ); }; };
		BE940B38242F51DB00147F16 /* pd10.jpg in Resources */ = {isa = PBXBuildFile; fileRef = BE940B20242F51D600147F16 /* pd10.jpg */; settings = {ASSET_TAGS = (Paradox, ); }; };
		BE940B39242F51DB00147F16 /* pd14.jpg in Resources */ = {isa = PBXBuildFile; fileRef = BE940B21242F51D600147F16 /* pd14.jpg */; settings = {ASSET_TAGS = (Paradox, ); }; };
		BE940B3A242F51DB00147F16 /* pd16.jpg in Resources */ = {isa = PBXBuildFile; fileRef = BE940B22242F51D600147F16 /* pd16.jpg */; settings = {ASSET_TAGS = (Paradox, ); }; };
		BE940B3B242F51DB00147F16 /* pd17.jpg in Resources */ = {isa = PBXBuildFile; fileRef = BE940B23242F51D700147F16 /* pd17.jpg */; settings = {ASSET_TAGS = (Paradox, ); }; };
		BE940B3C242F51DB00147F16 /* pd21.jpg in Resources */ = {isa = PBXBuildFile; fileRef = BE940B24242F51D700147F16 /* pd21.jpg */; settings = {ASSET_TAGS = (Paradox, ); }; };
		BE940B3D242F51DB00147F16 /* pd15.jpg in Resources */ = {isa = PBXBuildFile; fileRef = BE940B25242F51D800147F16 /* pd15.jpg */; settings = {ASSET_TAGS = (Paradox, ); }; };
		BE940B3E242F51DB00147F16 /* pd12.jpg in Resources */ = {isa = PBXBuildFile; fileRef = BE940B26242F51D800147F16 /* pd12.jpg */; settings = {ASSET_TAGS = (Paradox, ); }; };
		BE940B3F242F51DB00147F16 /* pd13.jpg in Resources */ = {isa = PBXBuildFile; fileRef = BE940B27242F51D900147F16 /* pd13.jpg */; settings = {ASSET_TAGS = (Paradox, ); }; };
		BE940B40242F51DB00147F16 /* pd2.jpg in Resources */ = {isa = PBXBuildFile; fileRef = BE940B28242F51D900147F16 /* pd2.jpg */; settings = {ASSET_TAGS = (Paradox, ); }; };
		BE940B41242F51DB00147F16 /* pd5.jpg in Resources */ = {isa = PBXBuildFile; fileRef = BE940B29242F51DA00147F16 /* pd5.jpg */; settings = {ASSET_TAGS = (Paradox, ); }; };
		BE940B42242F51DB00147F16 /* pd23.jpg in Resources */ = {isa = PBXBuildFile; fileRef = BE940B2A242F51DA00147F16 /* pd23.jpg */; settings = {ASSET_TAGS = (Paradox, ); }; };
		BE940B43242F51DB00147F16 /* pd24.jpg in Resources */ = {isa = PBXBuildFile; fileRef = BE940B2B242F51DA00147F16 /* pd24.jpg */; settings = {ASSET_TAGS = (Paradox, ); }; };
		BE940B44242F51DB00147F16 /* pd0.jpg in Resources */ = {isa = PBXBuildFile; fileRef = BE940B2C242F51DA00147F16 /* pd0.jpg */; settings = {ASSET_TAGS = (Paradox, ); }; };
		BE940B45242F51DB00147F16 /* pd11.jpg in Resources */ = {isa = PBXBuildFile; fileRef = BE940B2D242F51DA00147F16 /* pd11.jpg */; settings = {ASSET_TAGS = (Paradox, ); }; };
		BE940B46242F51DB00147F16 /* pd4.jpg in Resources */ = {isa = PBXBuildFile; fileRef = BE940B2E242F51DB00147F16 /* pd4.jpg */; settings = {ASSET_TAGS = (Paradox, ); }; };
		BE940B47242F51DB00147F16 /* pd18.jpg in Resources */ = {isa = PBXBuildFile; fileRef = BE940B2F242F51DB00147F16 /* pd18.jpg */; settings = {ASSET_TAGS = (Paradox, ); }; };
		BE940B48242F51DB00147F16 /* pd22.jpg in Resources */ = {isa = PBXBuildFile; fileRef = BE940B30242F51DB00147F16 /* pd22.jpg */; settings = {ASSET_TAGS = (Paradox, ); }; };
		BE940B49242F51DB00147F16 /* pd25.jpg in Resources */ = {isa = PBXBuildFile; fileRef = BE940B31242F51DB00147F16 /* pd25.jpg */; settings = {ASSET_TAGS = (Paradox, ); }; };
		BE9789DE2441B37F00D15A57 /* GoogleService-Info.plist in Resources */ = {isa = PBXBuildFile; fileRef = BE9789DD2441B37E00D15A57 /* GoogleService-Info.plist */; };
		BED50BB824497953006F6F17 /* DownloadLoadingView.xib in Resources */ = {isa = PBXBuildFile; fileRef = BED50BB724497953006F6F17 /* DownloadLoadingView.xib */; };
		BED50BBA24497960006F6F17 /* DownloadLoadingView.swift in Sources */ = {isa = PBXBuildFile; fileRef = BED50BB924497960006F6F17 /* DownloadLoadingView.swift */; };
		BEDED3A023B1F75600ABE84A /* CategoryViewController.swift in Sources */ = {isa = PBXBuildFile; fileRef = BEDED39F23B1F75600ABE84A /* CategoryViewController.swift */; };
		BEE323882446571600EE6D8A /* CircularProgress.swift in Sources */ = {isa = PBXBuildFile; fileRef = BEE323872446571600EE6D8A /* CircularProgress.swift */; };
		BEEF2B342438D93B00C0511F /* TrendViewController.swift in Sources */ = {isa = PBXBuildFile; fileRef = BEEF2B332438D93B00C0511F /* TrendViewController.swift */; };
		BEEF2B362438DDE400C0511F /* TrendCell.swift in Sources */ = {isa = PBXBuildFile; fileRef = BEEF2B352438DDE400C0511F /* TrendCell.swift */; };
		BEEF2B382438DFCD00C0511F /* LinearGradientView.swift in Sources */ = {isa = PBXBuildFile; fileRef = BEEF2B372438DFCD00C0511F /* LinearGradientView.swift */; };
		BEF0576723B5F41C00A658C1 /* CategoryCollectionView.swift in Sources */ = {isa = PBXBuildFile; fileRef = BEF0576623B5F41C00A658C1 /* CategoryCollectionView.swift */; };
		BEF0576923B5FB3B00A658C1 /* icon.jpg in Resources */ = {isa = PBXBuildFile; fileRef = BEF0576823B5FB3B00A658C1 /* icon.jpg */; };
		BEF0576F23B67A1200A658C1 /* SweetAlert.swift in Sources */ = {isa = PBXBuildFile; fileRef = BEF0576E23B67A1200A658C1 /* SweetAlert.swift */; };
		BEF0F1E923DC2E2C007F7A54 /* TermsViewController.swift in Sources */ = {isa = PBXBuildFile; fileRef = BEF0F1E823DC2E2B007F7A54 /* TermsViewController.swift */; };
		BEF680F5243460FD004FC714 /* pd20.jpg in Resources */ = {isa = PBXBuildFile; fileRef = BEF680F4243460F7004FC714 /* pd20.jpg */; };
		BEF680F724347FC0004FC714 /* SquareBoxes.xib in Resources */ = {isa = PBXBuildFile; fileRef = BEF680F624347FC0004FC714 /* SquareBoxes.xib */; };
		BEF680F924348397004FC714 /* SquareBoxes.swift in Sources */ = {isa = PBXBuildFile; fileRef = BEF680F824348397004FC714 /* SquareBoxes.swift */; };
		BEFE5ADE23966049000E567F /* AppConstants.swift in Sources */ = {isa = PBXBuildFile; fileRef = BEFE5ADD23966049000E567F /* AppConstants.swift */; };
		BEFE63CF239B85AF004831BB /* GameMusic.swift in Sources */ = {isa = PBXBuildFile; fileRef = BEFE63CE239B85AF004831BB /* GameMusic.swift */; };
		BEFE63D1239B8709004831BB /* ting.mp3 in Resources */ = {isa = PBXBuildFile; fileRef = BEFE63D0239B8709004831BB /* ting.mp3 */; };
		BEFEAE1A239D4A7700BBEB65 /* PhotoCollectionView.swift in Sources */ = {isa = PBXBuildFile; fileRef = BEFEAE19239D4A7700BBEB65 /* PhotoCollectionView.swift */; };
		BEFEAE1C239D516F00BBEB65 /* PhotoDataSource.swift in Sources */ = {isa = PBXBuildFile; fileRef = BEFEAE1B239D516F00BBEB65 /* PhotoDataSource.swift */; };
/* End PBXBuildFile section */

/* Begin PBXContainerItemProxy section */
		BE0182C8238197310075E20E /* PBXContainerItemProxy */ = {
			isa = PBXContainerItemProxy;
			containerPortal = BE0182AB2381972D0075E20E /* Project object */;
			proxyType = 1;
			remoteGlobalIDString = BE0182B22381972E0075E20E;
			remoteInfo = ZigazagPuzzle;
		};
		BE0182D3238197310075E20E /* PBXContainerItemProxy */ = {
			isa = PBXContainerItemProxy;
			containerPortal = BE0182AB2381972D0075E20E /* Project object */;
			proxyType = 1;
			remoteGlobalIDString = BE0182B22381972E0075E20E;
			remoteInfo = ZigazagPuzzle;
		};
/* End PBXContainerItemProxy section */

/* Begin PBXFileReference section */
		00982F7420CD2207A84ED225 /* Pods-ZigazagPuzzle.release.xcconfig */ = {isa = PBXFileReference; includeInIndex = 1; lastKnownFileType = text.xcconfig; name = "Pods-ZigazagPuzzle.release.xcconfig"; path = "Target Support Files/Pods-ZigazagPuzzle/Pods-ZigazagPuzzle.release.xcconfig"; sourceTree = "<group>"; };
		2FDCEA749C64D7035D661EA0 /* Pods-ZigazagPuzzle-ZigazagPuzzleUITests.debug.xcconfig */ = {isa = PBXFileReference; includeInIndex = 1; lastKnownFileType = text.xcconfig; name = "Pods-ZigazagPuzzle-ZigazagPuzzleUITests.debug.xcconfig"; path = "Target Support Files/Pods-ZigazagPuzzle-ZigazagPuzzleUITests/Pods-ZigazagPuzzle-ZigazagPuzzleUITests.debug.xcconfig"; sourceTree = "<group>"; };
		3EF2A4F0A3D3EFA07D84D61E /* Pods_ZigazagPuzzleTests.framework */ = {isa = PBXFileReference; explicitFileType = wrapper.framework; includeInIndex = 0; path = Pods_ZigazagPuzzleTests.framework; sourceTree = BUILT_PRODUCTS_DIR; };
		6481CC002412197C63C668FC /* Pods-ZigazagPuzzle-ZigazagPuzzleUITests.release.xcconfig */ = {isa = PBXFileReference; includeInIndex = 1; lastKnownFileType = text.xcconfig; name = "Pods-ZigazagPuzzle-ZigazagPuzzleUITests.release.xcconfig"; path = "Target Support Files/Pods-ZigazagPuzzle-ZigazagPuzzleUITests/Pods-ZigazagPuzzle-ZigazagPuzzleUITests.release.xcconfig"; sourceTree = "<group>"; };
		74388CCE3667C3B8653E6EBF /* Pods-ZigazagPuzzleTests.debug.xcconfig */ = {isa = PBXFileReference; includeInIndex = 1; lastKnownFileType = text.xcconfig; name = "Pods-ZigazagPuzzleTests.debug.xcconfig"; path = "Target Support Files/Pods-ZigazagPuzzleTests/Pods-ZigazagPuzzleTests.debug.xcconfig"; sourceTree = "<group>"; };
		82F45B5AD83AA97AA2A8CA28 /* Pods_ZigazagPuzzle_ZigazagPuzzleUITests.framework */ = {isa = PBXFileReference; explicitFileType = wrapper.framework; includeInIndex = 0; path = Pods_ZigazagPuzzle_ZigazagPuzzleUITests.framework; sourceTree = BUILT_PRODUCTS_DIR; };
		BE0156C2242B99690041938C /* LoadingView.xib */ = {isa = PBXFileReference; lastKnownFileType = file.xib; path = LoadingView.xib; sourceTree = "<group>"; };
		BE0156C4242B99FE0041938C /* LoadingView.swift */ = {isa = PBXFileReference; lastKnownFileType = sourcecode.swift; path = LoadingView.swift; sourceTree = "<group>"; };
		BE0182B32381972E0075E20E /* ZigazagPuzzle.app */ = {isa = PBXFileReference; explicitFileType = wrapper.application; includeInIndex = 0; path = ZigazagPuzzle.app; sourceTree = BUILT_PRODUCTS_DIR; };
		BE0182B62381972E0075E20E /* AppDelegate.swift */ = {isa = PBXFileReference; lastKnownFileType = sourcecode.swift; path = AppDelegate.swift; sourceTree = "<group>"; };
		BE0182B82381972E0075E20E /* PuzzleViewController.swift */ = {isa = PBXFileReference; lastKnownFileType = sourcecode.swift; path = PuzzleViewController.swift; sourceTree = "<group>"; };
		BE0182BB2381972E0075E20E /* Base */ = {isa = PBXFileReference; lastKnownFileType = file.storyboard; name = Base; path = Base.lproj/Main.storyboard; sourceTree = "<group>"; };
		BE0182BD238197310075E20E /* Assets.xcassets */ = {isa = PBXFileReference; lastKnownFileType = folder.assetcatalog; path = Assets.xcassets; sourceTree = "<group>"; };
		BE0182C0238197310075E20E /* Base */ = {isa = PBXFileReference; lastKnownFileType = file.storyboard; name = Base; path = Base.lproj/LaunchScreen.storyboard; sourceTree = "<group>"; };
		BE0182C2238197310075E20E /* Info.plist */ = {isa = PBXFileReference; lastKnownFileType = text.plist.xml; path = Info.plist; sourceTree = "<group>"; };
		BE0182C7238197310075E20E /* ZigazagPuzzleTests.xctest */ = {isa = PBXFileReference; explicitFileType = wrapper.cfbundle; includeInIndex = 0; path = ZigazagPuzzleTests.xctest; sourceTree = BUILT_PRODUCTS_DIR; };
		BE0182CB238197310075E20E /* ZigazagPuzzleTests.swift */ = {isa = PBXFileReference; lastKnownFileType = sourcecode.swift; path = ZigazagPuzzleTests.swift; sourceTree = "<group>"; };
		BE0182CD238197310075E20E /* Info.plist */ = {isa = PBXFileReference; lastKnownFileType = text.plist.xml; path = Info.plist; sourceTree = "<group>"; };
		BE0182D2238197310075E20E /* ZigazagPuzzleUITests.xctest */ = {isa = PBXFileReference; explicitFileType = wrapper.cfbundle; includeInIndex = 0; path = ZigazagPuzzleUITests.xctest; sourceTree = BUILT_PRODUCTS_DIR; };
		BE0182D6238197310075E20E /* ZigazagPuzzleUITests.swift */ = {isa = PBXFileReference; lastKnownFileType = sourcecode.swift; path = ZigazagPuzzleUITests.swift; sourceTree = "<group>"; };
		BE0182D8238197310075E20E /* Info.plist */ = {isa = PBXFileReference; lastKnownFileType = text.plist.xml; path = Info.plist; sourceTree = "<group>"; };
		BE0182E4238197600075E20E /* ViewSquare.swift */ = {isa = PBXFileReference; fileEncoding = 4; lastKnownFileType = sourcecode.swift; path = ViewSquare.swift; sourceTree = "<group>"; };
		BE0182E5238197600075E20E /* sample.jpg */ = {isa = PBXFileReference; lastKnownFileType = image.jpeg; path = sample.jpg; sourceTree = "<group>"; };
		BE0182E6238197600075E20E /* ImageHandler.swift */ = {isa = PBXFileReference; fileEncoding = 4; lastKnownFileType = sourcecode.swift; path = ImageHandler.swift; sourceTree = "<group>"; xcLanguageSpecificationIdentifier = xcode.lang.swift; };
		BE0182E7238197600075E20E /* ImageSquareHandler.swift */ = {isa = PBXFileReference; fileEncoding = 4; lastKnownFileType = sourcecode.swift; path = ImageSquareHandler.swift; sourceTree = "<group>"; };
		BE0182E8238197600075E20E /* ImageSquare.swift */ = {isa = PBXFileReference; fileEncoding = 4; lastKnownFileType = sourcecode.swift; path = ImageSquare.swift; sourceTree = "<group>"; };
		BE0182EE238198450075E20E /* SquareType.swift */ = {isa = PBXFileReference; fileEncoding = 4; lastKnownFileType = sourcecode.swift; path = SquareType.swift; sourceTree = "<group>"; };
		BE0376C6239C1DAE00F75CC1 /* ImageViewCell.swift */ = {isa = PBXFileReference; lastKnownFileType = sourcecode.swift; path = ImageViewCell.swift; sourceTree = "<group>"; };
		BE0376C8239C222B00F75CC1 /* PhotoViewController.swift */ = {isa = PBXFileReference; lastKnownFileType = sourcecode.swift; path = PhotoViewController.swift; sourceTree = "<group>"; };
		BE0376DD239C2B6600F75CC1 /* puzzle_images_data.json */ = {isa = PBXFileReference; lastKnownFileType = text.json; path = puzzle_images_data.json; sourceTree = "<group>"; };
		BE1D454E2442AD3900363C93 /* BaseDataTask.swift */ = {isa = PBXFileReference; fileEncoding = 4; lastKnownFileType = sourcecode.swift; path = BaseDataTask.swift; sourceTree = "<group>"; };
		BE1D45502442AD3F00363C93 /* DownloadDataTask.swift */ = {isa = PBXFileReference; fileEncoding = 4; lastKnownFileType = sourcecode.swift; path = DownloadDataTask.swift; sourceTree = "<group>"; };
		BE1D45522442AD4600363C93 /* BaseDownloader.swift */ = {isa = PBXFileReference; fileEncoding = 4; lastKnownFileType = sourcecode.swift; path = BaseDownloader.swift; sourceTree = "<group>"; };
		BE1D45542442AD4E00363C93 /* DataDownloader.swift */ = {isa = PBXFileReference; fileEncoding = 4; lastKnownFileType = sourcecode.swift; path = DataDownloader.swift; sourceTree = "<group>"; };
		BE276F2F23B8495000C6314B /* SubscriptionViewController.swift */ = {isa = PBXFileReference; lastKnownFileType = sourcecode.swift; path = SubscriptionViewController.swift; sourceTree = "<group>"; };
		BE39FA47242E9512002418D7 /* ct2.jpg */ = {isa = PBXFileReference; lastKnownFileType = image.jpeg; path = ct2.jpg; sourceTree = "<group>"; };
		BE39FA49242E9524002418D7 /* ct5.jpg */ = {isa = PBXFileReference; lastKnownFileType = image.jpeg; path = ct5.jpg; sourceTree = "<group>"; };
		BE39FA4A242E9525002418D7 /* ct12.jpg */ = {isa = PBXFileReference; lastKnownFileType = image.jpeg; path = ct12.jpg; sourceTree = "<group>"; };
		BE39FA4B242E9525002418D7 /* ct10.jpg */ = {isa = PBXFileReference; lastKnownFileType = image.jpeg; path = ct10.jpg; sourceTree = "<group>"; };
		BE39FA4C242E9526002418D7 /* ct9.jpg */ = {isa = PBXFileReference; lastKnownFileType = image.jpeg; path = ct9.jpg; sourceTree = "<group>"; };
		BE39FA4D242E9526002418D7 /* ct6.jpg */ = {isa = PBXFileReference; lastKnownFileType = image.jpeg; path = ct6.jpg; sourceTree = "<group>"; };
		BE39FA4E242E9527002418D7 /* ct8.jpg */ = {isa = PBXFileReference; lastKnownFileType = image.jpeg; path = ct8.jpg; sourceTree = "<group>"; };
		BE39FA4F242E9527002418D7 /* ct13.jpg */ = {isa = PBXFileReference; lastKnownFileType = image.jpeg; path = ct13.jpg; sourceTree = "<group>"; };
		BE39FA50242E9527002418D7 /* ct7.jpg */ = {isa = PBXFileReference; lastKnownFileType = image.jpeg; path = ct7.jpg; sourceTree = "<group>"; };
		BE39FA51242E9528002418D7 /* ct11.jpg */ = {isa = PBXFileReference; lastKnownFileType = image.jpeg; path = ct11.jpg; sourceTree = "<group>"; };
		BE39FA5F242E9DE6002418D7 /* ct4.jpg */ = {isa = PBXFileReference; lastKnownFileType = image.jpeg; path = ct4.jpg; sourceTree = "<group>"; };
		BE39FA60242E9DE6002418D7 /* ct3.jpg */ = {isa = PBXFileReference; lastKnownFileType = image.jpeg; path = ct3.jpg; sourceTree = "<group>"; };
		BE4259D12412412A001FF89B /* SubscriptionManager.swift */ = {isa = PBXFileReference; lastKnownFileType = sourcecode.swift; path = SubscriptionManager.swift; sourceTree = "<group>"; };
		BE494BC923D2C5CB00C5FBDF /* SettingsViewController.swift */ = {isa = PBXFileReference; lastKnownFileType = sourcecode.swift; path = SettingsViewController.swift; sourceTree = "<group>"; };
		BE494BCB23D2F28C00C5FBDF /* SettingTableCell.swift */ = {isa = PBXFileReference; lastKnownFileType = sourcecode.swift; path = SettingTableCell.swift; sourceTree = "<group>"; };
		BE494BCF23D35CA200C5FBDF /* settings.plist */ = {isa = PBXFileReference; lastKnownFileType = text.plist.xml; path = settings.plist; sourceTree = "<group>"; };
		BE5DA3A923B8097100833354 /* ImagePreview.xib */ = {isa = PBXFileReference; fileEncoding = 4; lastKnownFileType = file.xib; path = ImagePreview.xib; sourceTree = "<group>"; };
		BE5DA3AA23B8097100833354 /* ImagePreview.swift */ = {isa = PBXFileReference; fileEncoding = 4; lastKnownFileType = sourcecode.swift; path = ImagePreview.swift; sourceTree = "<group>"; };
		BE5DA3AD23B80A0600833354 /* ShadowView.swift */ = {isa = PBXFileReference; fileEncoding = 4; lastKnownFileType = sourcecode.swift; path = ShadowView.swift; sourceTree = "<group>"; };
		BE5E20B323C5EF3F0059E7EB /* category_1.png */ = {isa = PBXFileReference; lastKnownFileType = image.png; path = category_1.png; sourceTree = "<group>"; };
		BE5E20C423C5F6F60059E7EB /* category_2.png */ = {isa = PBXFileReference; lastKnownFileType = image.png; path = category_2.png; sourceTree = "<group>"; };
		BE5E20C823C5FB310059E7EB /* ct0.jpg */ = {isa = PBXFileReference; lastKnownFileType = image.jpeg; path = ct0.jpg; sourceTree = "<group>"; };
		BE5E20C923C5FB310059E7EB /* ct1.jpg */ = {isa = PBXFileReference; lastKnownFileType = image.jpeg; path = ct1.jpg; sourceTree = "<group>"; };
		BE5E20CF23C5FE880059E7EB /* category_3.jpg */ = {isa = PBXFileReference; lastKnownFileType = image.jpeg; path = category_3.jpg; sourceTree = "<group>"; };
		BE69E8F023DC304D001B7D71 /* privacy.html */ = {isa = PBXFileReference; fileEncoding = 4; lastKnownFileType = text.html; path = privacy.html; sourceTree = "<group>"; };
		BE69E8F123DC304D001B7D71 /* term.html */ = {isa = PBXFileReference; fileEncoding = 4; lastKnownFileType = text.html; path = term.html; sourceTree = "<group>"; };
		BE69E8F223DC304D001B7D71 /* subscription.html */ = {isa = PBXFileReference; fileEncoding = 4; lastKnownFileType = text.html; path = subscription.html; sourceTree = "<group>"; };
		BE6F5FAB2444C39C004E5AB0 /* DownloaderDelegate.swift */ = {isa = PBXFileReference; fileEncoding = 4; lastKnownFileType = sourcecode.swift; path = DownloaderDelegate.swift; sourceTree = "<group>"; };
		BE784CA523B9CFE600B6423D /* banner_subs.jpg */ = {isa = PBXFileReference; lastKnownFileType = image.jpeg; path = banner_subs.jpg; sourceTree = "<group>"; };
		BE8B8A4823BE01AD0003CD57 /* BorderButton.swift */ = {isa = PBXFileReference; fileEncoding = 4; lastKnownFileType = sourcecode.swift; path = BorderButton.swift; sourceTree = "<group>"; };
		BE8B8A4A23C1C52A0003CD57 /* BackgroundShadowView.swift */ = {isa = PBXFileReference; lastKnownFileType = sourcecode.swift; path = BackgroundShadowView.swift; sourceTree = "<group>"; };
		BE940A93242F261A00147F16 /* fl8.jpg */ = {isa = PBXFileReference; lastKnownFileType = image.jpeg; path = fl8.jpg; sourceTree = "<group>"; };
		BE940A94242F261A00147F16 /* fl10.jpg */ = {isa = PBXFileReference; lastKnownFileType = image.jpeg; path = fl10.jpg; sourceTree = "<group>"; };
		BE940A95242F261A00147F16 /* fl12.jpg */ = {isa = PBXFileReference; lastKnownFileType = image.jpeg; path = fl12.jpg; sourceTree = "<group>"; };
		BE940A96242F261A00147F16 /* fl2.jpg */ = {isa = PBXFileReference; lastKnownFileType = image.jpeg; path = fl2.jpg; sourceTree = "<group>"; };
		BE940A97242F261B00147F16 /* fl0.jpg */ = {isa = PBXFileReference; lastKnownFileType = image.jpeg; path = fl0.jpg; sourceTree = "<group>"; };
		BE940A98242F261C00147F16 /* fl1.jpg */ = {isa = PBXFileReference; lastKnownFileType = image.jpeg; path = fl1.jpg; sourceTree = "<group>"; };
		BE940A99242F261E00147F16 /* fl11.jpg */ = {isa = PBXFileReference; lastKnownFileType = image.jpeg; path = fl11.jpg; sourceTree = "<group>"; };
		BE940A9A242F261F00147F16 /* fl14.jpg */ = {isa = PBXFileReference; lastKnownFileType = image.jpeg; path = fl14.jpg; sourceTree = "<group>"; };
		BE940A9B242F261F00147F16 /* fl9.jpg */ = {isa = PBXFileReference; lastKnownFileType = image.jpeg; path = fl9.jpg; sourceTree = "<group>"; };
		BE940A9C242F261F00147F16 /* fl13.jpg */ = {isa = PBXFileReference; lastKnownFileType = image.jpeg; path = fl13.jpg; sourceTree = "<group>"; };
		BE940A9D242F261F00147F16 /* fl6.jpg */ = {isa = PBXFileReference; lastKnownFileType = image.jpeg; path = fl6.jpg; sourceTree = "<group>"; };
		BE940A9E242F262000147F16 /* fl3.jpg */ = {isa = PBXFileReference; lastKnownFileType = image.jpeg; path = fl3.jpg; sourceTree = "<group>"; };
		BE940A9F242F262000147F16 /* fl4.jpg */ = {isa = PBXFileReference; lastKnownFileType = image.jpeg; path = fl4.jpg; sourceTree = "<group>"; };
		BE940AA0242F262100147F16 /* fl5.jpg */ = {isa = PBXFileReference; lastKnownFileType = image.jpeg; path = fl5.jpg; sourceTree = "<group>"; };
		BE940AA1242F262100147F16 /* fl7.jpg */ = {isa = PBXFileReference; lastKnownFileType = image.jpeg; path = fl7.jpg; sourceTree = "<group>"; };
		BE940AB1242F36C100147F16 /* an9.jpg */ = {isa = PBXFileReference; lastKnownFileType = image.jpeg; path = an9.jpg; sourceTree = "<group>"; };
		BE940AB2242F36C100147F16 /* an12.jpg */ = {isa = PBXFileReference; lastKnownFileType = image.jpeg; path = an12.jpg; sourceTree = "<group>"; };
		BE940AB3242F36C100147F16 /* an10.jpg */ = {isa = PBXFileReference; lastKnownFileType = image.jpeg; path = an10.jpg; sourceTree = "<group>"; };
		BE940AB4242F36C100147F16 /* an14.jpg */ = {isa = PBXFileReference; lastKnownFileType = image.jpeg; path = an14.jpg; sourceTree = "<group>"; };
		BE940AB5242F36C200147F16 /* an15.jpg */ = {isa = PBXFileReference; lastKnownFileType = image.jpeg; path = an15.jpg; sourceTree = "<group>"; };
		BE940AB6242F36C200147F16 /* an5.jpg */ = {isa = PBXFileReference; lastKnownFileType = image.jpeg; path = an5.jpg; sourceTree = "<group>"; };
		BE940AB7242F36C200147F16 /* an0.jpg */ = {isa = PBXFileReference; lastKnownFileType = image.jpeg; path = an0.jpg; sourceTree = "<group>"; };
		BE940AB8242F36C300147F16 /* an17.jpg */ = {isa = PBXFileReference; lastKnownFileType = image.jpeg; path = an17.jpg; sourceTree = "<group>"; };
		BE940AB9242F36C500147F16 /* an11.jpg */ = {isa = PBXFileReference; lastKnownFileType = image.jpeg; path = an11.jpg; sourceTree = "<group>"; };
		BE940ABA242F36C600147F16 /* an1.jpg */ = {isa = PBXFileReference; lastKnownFileType = image.jpeg; path = an1.jpg; sourceTree = "<group>"; };
		BE940ABB242F36C800147F16 /* an2.jpg */ = {isa = PBXFileReference; lastKnownFileType = image.jpeg; path = an2.jpg; sourceTree = "<group>"; };
		BE940ABC242F36C900147F16 /* an8.jpg */ = {isa = PBXFileReference; lastKnownFileType = image.jpeg; path = an8.jpg; sourceTree = "<group>"; };
		BE940ABD242F36CA00147F16 /* an7.jpg */ = {isa = PBXFileReference; lastKnownFileType = image.jpeg; path = an7.jpg; sourceTree = "<group>"; };
		BE940ABE242F36CC00147F16 /* an3.jpg */ = {isa = PBXFileReference; lastKnownFileType = image.jpeg; path = an3.jpg; sourceTree = "<group>"; };
		BE940ABF242F36CD00147F16 /* an13.jpg */ = {isa = PBXFileReference; lastKnownFileType = image.jpeg; path = an13.jpg; sourceTree = "<group>"; };
		BE940AC0242F36CD00147F16 /* an6.jpg */ = {isa = PBXFileReference; lastKnownFileType = image.jpeg; path = an6.jpg; sourceTree = "<group>"; };
		BE940AC1242F36CD00147F16 /* an16.jpg */ = {isa = PBXFileReference; lastKnownFileType = image.jpeg; path = an16.jpg; sourceTree = "<group>"; };
		BE940AC2242F36CD00147F16 /* an4.jpg */ = {isa = PBXFileReference; lastKnownFileType = image.jpeg; path = an4.jpg; sourceTree = "<group>"; };
		BE940AD6242F3EF600147F16 /* pt3.jpg */ = {isa = PBXFileReference; lastKnownFileType = image.jpeg; path = pt3.jpg; sourceTree = "<group>"; };
		BE940AD7242F3EF600147F16 /* pt0.jpg */ = {isa = PBXFileReference; lastKnownFileType = image.jpeg; path = pt0.jpg; sourceTree = "<group>"; };
		BE940AD8242F3EF600147F16 /* pt5.jpg */ = {isa = PBXFileReference; lastKnownFileType = image.jpeg; path = pt5.jpg; sourceTree = "<group>"; };
		BE940AD9242F3EF600147F16 /* pt1.jpg */ = {isa = PBXFileReference; lastKnownFileType = image.jpeg; path = pt1.jpg; sourceTree = "<group>"; };
		BE940ADA242F3EF700147F16 /* pt6.jpg */ = {isa = PBXFileReference; lastKnownFileType = image.jpeg; path = pt6.jpg; sourceTree = "<group>"; };
		BE940ADB242F3EF800147F16 /* pt2.jpg */ = {isa = PBXFileReference; lastKnownFileType = image.jpeg; path = pt2.jpg; sourceTree = "<group>"; };
		BE940ADC242F3EF800147F16 /* pt4.jpg */ = {isa = PBXFileReference; lastKnownFileType = image.jpeg; path = pt4.jpg; sourceTree = "<group>"; };
		BE940B01242F4B3200147F16 /* nt11.jpg */ = {isa = PBXFileReference; lastKnownFileType = image.jpeg; path = nt11.jpg; sourceTree = "<group>"; };
		BE940B02242F4B3200147F16 /* nt0.jpg */ = {isa = PBXFileReference; lastKnownFileType = image.jpeg; path = nt0.jpg; sourceTree = "<group>"; };
		BE940B03242F4B3200147F16 /* nt4.jpg */ = {isa = PBXFileReference; lastKnownFileType = image.jpeg; path = nt4.jpg; sourceTree = "<group>"; };
		BE940B04242F4B3200147F16 /* nt2.jpg */ = {isa = PBXFileReference; lastKnownFileType = image.jpeg; path = nt2.jpg; sourceTree = "<group>"; };
		BE940B05242F4B3300147F16 /* nt6.jpg */ = {isa = PBXFileReference; lastKnownFileType = image.jpeg; path = nt6.jpg; sourceTree = "<group>"; };
		BE940B06242F4B3300147F16 /* nt10.jpg */ = {isa = PBXFileReference; lastKnownFileType = image.jpeg; path = nt10.jpg; sourceTree = "<group>"; };
		BE940B07242F4B3300147F16 /* nt7.jpg */ = {isa = PBXFileReference; lastKnownFileType = image.jpeg; path = nt7.jpg; sourceTree = "<group>"; };
		BE940B08242F4B3300147F16 /* nt8.jpg */ = {isa = PBXFileReference; lastKnownFileType = image.jpeg; path = nt8.jpg; sourceTree = "<group>"; };
		BE940B09242F4B3400147F16 /* nt1.jpg */ = {isa = PBXFileReference; lastKnownFileType = image.jpeg; path = nt1.jpg; sourceTree = "<group>"; };
		BE940B0A242F4B3500147F16 /* nt3.jpg */ = {isa = PBXFileReference; lastKnownFileType = image.jpeg; path = nt3.jpg; sourceTree = "<group>"; };
		BE940B0B242F4B3600147F16 /* nt5.jpg */ = {isa = PBXFileReference; lastKnownFileType = image.jpeg; path = nt5.jpg; sourceTree = "<group>"; };
		BE940B17242F4C5B00147F16 /* nt9.jpg */ = {isa = PBXFileReference; lastKnownFileType = image.jpeg; path = nt9.jpg; sourceTree = "<group>"; };
		BE940B1A242F51D500147F16 /* pd3.jpg */ = {isa = PBXFileReference; lastKnownFileType = image.jpeg; path = pd3.jpg; sourceTree = "<group>"; };
		BE940B1B242F51D500147F16 /* pd8.jpg */ = {isa = PBXFileReference; lastKnownFileType = image.jpeg; path = pd8.jpg; sourceTree = "<group>"; };
		BE940B1C242F51D600147F16 /* pd7.jpg */ = {isa = PBXFileReference; lastKnownFileType = image.jpeg; path = pd7.jpg; sourceTree = "<group>"; };
		BE940B1D242F51D600147F16 /* pd9.jpg */ = {isa = PBXFileReference; lastKnownFileType = image.jpeg; path = pd9.jpg; sourceTree = "<group>"; };
		BE940B1E242F51D600147F16 /* pd1.jpg */ = {isa = PBXFileReference; lastKnownFileType = image.jpeg; path = pd1.jpg; sourceTree = "<group>"; };
		BE940B1F242F51D600147F16 /* pd6.jpg */ = {isa = PBXFileReference; lastKnownFileType = image.jpeg; path = pd6.jpg; sourceTree = "<group>"; };
		BE940B20242F51D600147F16 /* pd10.jpg */ = {isa = PBXFileReference; lastKnownFileType = image.jpeg; path = pd10.jpg; sourceTree = "<group>"; };
		BE940B21242F51D600147F16 /* pd14.jpg */ = {isa = PBXFileReference; lastKnownFileType = image.jpeg; path = pd14.jpg; sourceTree = "<group>"; };
		BE940B22242F51D600147F16 /* pd16.jpg */ = {isa = PBXFileReference; lastKnownFileType = image.jpeg; path = pd16.jpg; sourceTree = "<group>"; };
		BE940B23242F51D700147F16 /* pd17.jpg */ = {isa = PBXFileReference; lastKnownFileType = image.jpeg; path = pd17.jpg; sourceTree = "<group>"; };
		BE940B24242F51D700147F16 /* pd21.jpg */ = {isa = PBXFileReference; lastKnownFileType = image.jpeg; path = pd21.jpg; sourceTree = "<group>"; };
		BE940B25242F51D800147F16 /* pd15.jpg */ = {isa = PBXFileReference; lastKnownFileType = image.jpeg; path = pd15.jpg; sourceTree = "<group>"; };
		BE940B26242F51D800147F16 /* pd12.jpg */ = {isa = PBXFileReference; lastKnownFileType = image.jpeg; path = pd12.jpg; sourceTree = "<group>"; };
		BE940B27242F51D900147F16 /* pd13.jpg */ = {isa = PBXFileReference; lastKnownFileType = image.jpeg; path = pd13.jpg; sourceTree = "<group>"; };
		BE940B28242F51D900147F16 /* pd2.jpg */ = {isa = PBXFileReference; lastKnownFileType = image.jpeg; path = pd2.jpg; sourceTree = "<group>"; };
		BE940B29242F51DA00147F16 /* pd5.jpg */ = {isa = PBXFileReference; lastKnownFileType = image.jpeg; path = pd5.jpg; sourceTree = "<group>"; };
		BE940B2A242F51DA00147F16 /* pd23.jpg */ = {isa = PBXFileReference; lastKnownFileType = image.jpeg; path = pd23.jpg; sourceTree = "<group>"; };
		BE940B2B242F51DA00147F16 /* pd24.jpg */ = {isa = PBXFileReference; lastKnownFileType = image.jpeg; path = pd24.jpg; sourceTree = "<group>"; };
		BE940B2C242F51DA00147F16 /* pd0.jpg */ = {isa = PBXFileReference; lastKnownFileType = image.jpeg; path = pd0.jpg; sourceTree = "<group>"; };
		BE940B2D242F51DA00147F16 /* pd11.jpg */ = {isa = PBXFileReference; lastKnownFileType = image.jpeg; path = pd11.jpg; sourceTree = "<group>"; };
		BE940B2E242F51DB00147F16 /* pd4.jpg */ = {isa = PBXFileReference; lastKnownFileType = image.jpeg; path = pd4.jpg; sourceTree = "<group>"; };
		BE940B2F242F51DB00147F16 /* pd18.jpg */ = {isa = PBXFileReference; lastKnownFileType = image.jpeg; path = pd18.jpg; sourceTree = "<group>"; };
		BE940B30242F51DB00147F16 /* pd22.jpg */ = {isa = PBXFileReference; lastKnownFileType = image.jpeg; path = pd22.jpg; sourceTree = "<group>"; };
		BE940B31242F51DB00147F16 /* pd25.jpg */ = {isa = PBXFileReference; lastKnownFileType = image.jpeg; path = pd25.jpg; sourceTree = "<group>"; };
		BE9789DD2441B37E00D15A57 /* GoogleService-Info.plist */ = {isa = PBXFileReference; fileEncoding = 4; lastKnownFileType = text.plist.xml; path = "GoogleService-Info.plist"; sourceTree = "<group>"; };
		BED50BB724497953006F6F17 /* DownloadLoadingView.xib */ = {isa = PBXFileReference; lastKnownFileType = file.xib; path = DownloadLoadingView.xib; sourceTree = "<group>"; };
		BED50BB924497960006F6F17 /* DownloadLoadingView.swift */ = {isa = PBXFileReference; lastKnownFileType = sourcecode.swift; path = DownloadLoadingView.swift; sourceTree = "<group>"; };
		BEDED39F23B1F75600ABE84A /* CategoryViewController.swift */ = {isa = PBXFileReference; lastKnownFileType = sourcecode.swift; path = CategoryViewController.swift; sourceTree = "<group>"; };
		BEE323872446571600EE6D8A /* CircularProgress.swift */ = {isa = PBXFileReference; fileEncoding = 4; lastKnownFileType = sourcecode.swift; path = CircularProgress.swift; sourceTree = "<group>"; };
		BEEF2B332438D93B00C0511F /* TrendViewController.swift */ = {isa = PBXFileReference; lastKnownFileType = sourcecode.swift; path = TrendViewController.swift; sourceTree = "<group>"; };
		BEEF2B352438DDE400C0511F /* TrendCell.swift */ = {isa = PBXFileReference; lastKnownFileType = sourcecode.swift; path = TrendCell.swift; sourceTree = "<group>"; };
		BEEF2B372438DFCD00C0511F /* LinearGradientView.swift */ = {isa = PBXFileReference; lastKnownFileType = sourcecode.swift; path = LinearGradientView.swift; sourceTree = "<group>"; };
		BEF0576623B5F41C00A658C1 /* CategoryCollectionView.swift */ = {isa = PBXFileReference; lastKnownFileType = sourcecode.swift; path = CategoryCollectionView.swift; sourceTree = "<group>"; };
		BEF0576823B5FB3B00A658C1 /* icon.jpg */ = {isa = PBXFileReference; lastKnownFileType = image.jpeg; path = icon.jpg; sourceTree = "<group>"; };
		BEF0576E23B67A1200A658C1 /* SweetAlert.swift */ = {isa = PBXFileReference; fileEncoding = 4; lastKnownFileType = sourcecode.swift; path = SweetAlert.swift; sourceTree = "<group>"; };
		BEF0F1E823DC2E2B007F7A54 /* TermsViewController.swift */ = {isa = PBXFileReference; fileEncoding = 4; lastKnownFileType = sourcecode.swift; path = TermsViewController.swift; sourceTree = "<group>"; };
		BEF680F4243460F7004FC714 /* pd20.jpg */ = {isa = PBXFileReference; lastKnownFileType = image.jpeg; path = pd20.jpg; sourceTree = "<group>"; };
		BEF680F624347FC0004FC714 /* SquareBoxes.xib */ = {isa = PBXFileReference; lastKnownFileType = file.xib; path = SquareBoxes.xib; sourceTree = "<group>"; };
		BEF680F824348397004FC714 /* SquareBoxes.swift */ = {isa = PBXFileReference; lastKnownFileType = sourcecode.swift; path = SquareBoxes.swift; sourceTree = "<group>"; };
		BEFE5ADD23966049000E567F /* AppConstants.swift */ = {isa = PBXFileReference; lastKnownFileType = sourcecode.swift; path = AppConstants.swift; sourceTree = "<group>"; };
		BEFE63CE239B85AF004831BB /* GameMusic.swift */ = {isa = PBXFileReference; lastKnownFileType = sourcecode.swift; path = GameMusic.swift; sourceTree = "<group>"; };
		BEFE63D0239B8709004831BB /* ting.mp3 */ = {isa = PBXFileReference; lastKnownFileType = audio.mp3; path = ting.mp3; sourceTree = "<group>"; };
		BEFEAE19239D4A7700BBEB65 /* PhotoCollectionView.swift */ = {isa = PBXFileReference; lastKnownFileType = sourcecode.swift; path = PhotoCollectionView.swift; sourceTree = "<group>"; };
		BEFEAE1B239D516F00BBEB65 /* PhotoDataSource.swift */ = {isa = PBXFileReference; lastKnownFileType = sourcecode.swift; path = PhotoDataSource.swift; sourceTree = "<group>"; };
		D642C773F0FF74BD58561523 /* Pods-ZigazagPuzzleTests.release.xcconfig */ = {isa = PBXFileReference; includeInIndex = 1; lastKnownFileType = text.xcconfig; name = "Pods-ZigazagPuzzleTests.release.xcconfig"; path = "Target Support Files/Pods-ZigazagPuzzleTests/Pods-ZigazagPuzzleTests.release.xcconfig"; sourceTree = "<group>"; };
		DDF89DCEE3274BD7337C8CA2 /* Pods-ZigazagPuzzle.debug.xcconfig */ = {isa = PBXFileReference; includeInIndex = 1; lastKnownFileType = text.xcconfig; name = "Pods-ZigazagPuzzle.debug.xcconfig"; path = "Target Support Files/Pods-ZigazagPuzzle/Pods-ZigazagPuzzle.debug.xcconfig"; sourceTree = "<group>"; };
		EA340AAD9B6CC8FB04701C86 /* Pods_ZigazagPuzzle.framework */ = {isa = PBXFileReference; explicitFileType = wrapper.framework; includeInIndex = 0; path = Pods_ZigazagPuzzle.framework; sourceTree = BUILT_PRODUCTS_DIR; };
/* End PBXFileReference section */

/* Begin PBXFrameworksBuildPhase section */
		BE0182B02381972E0075E20E /* Frameworks */ = {
			isa = PBXFrameworksBuildPhase;
			buildActionMask = 2147483647;
			files = (
				AEC6B571F4B60A5EEFF90028 /* Pods_ZigazagPuzzle.framework in Frameworks */,
			);
			runOnlyForDeploymentPostprocessing = 0;
		};
		BE0182C4238197310075E20E /* Frameworks */ = {
			isa = PBXFrameworksBuildPhase;
			buildActionMask = 2147483647;
			files = (
				4F80AB48061456818793ECCE /* Pods_ZigazagPuzzleTests.framework in Frameworks */,
			);
			runOnlyForDeploymentPostprocessing = 0;
		};
		BE0182CF238197310075E20E /* Frameworks */ = {
			isa = PBXFrameworksBuildPhase;
			buildActionMask = 2147483647;
			files = (
				51349A0982FC87A34EC9D2E4 /* Pods_ZigazagPuzzle_ZigazagPuzzleUITests.framework in Frameworks */,
			);
			runOnlyForDeploymentPostprocessing = 0;
		};
/* End PBXFrameworksBuildPhase section */

/* Begin PBXGroup section */
		BA161BFC56DE7D5CE373E1E2 /* Pods */ = {
			isa = PBXGroup;
			children = (
				DDF89DCEE3274BD7337C8CA2 /* Pods-ZigazagPuzzle.debug.xcconfig */,
				00982F7420CD2207A84ED225 /* Pods-ZigazagPuzzle.release.xcconfig */,
				2FDCEA749C64D7035D661EA0 /* Pods-ZigazagPuzzle-ZigazagPuzzleUITests.debug.xcconfig */,
				6481CC002412197C63C668FC /* Pods-ZigazagPuzzle-ZigazagPuzzleUITests.release.xcconfig */,
				74388CCE3667C3B8653E6EBF /* Pods-ZigazagPuzzleTests.debug.xcconfig */,
				D642C773F0FF74BD58561523 /* Pods-ZigazagPuzzleTests.release.xcconfig */,
			);
			path = Pods;
			sourceTree = "<group>";
		};
		BE0182AA2381972D0075E20E = {
			isa = PBXGroup;
			children = (
				BE0182B52381972E0075E20E /* ZigazagPuzzle */,
				BE0182CA238197310075E20E /* ZigazagPuzzleTests */,
				BE0182D5238197310075E20E /* ZigazagPuzzleUITests */,
				BE0182B42381972E0075E20E /* Products */,
				BA161BFC56DE7D5CE373E1E2 /* Pods */,
				FCFF1647ED6654A81DB249E6 /* Frameworks */,
			);
			sourceTree = "<group>";
		};
		BE0182B42381972E0075E20E /* Products */ = {
			isa = PBXGroup;
			children = (
				BE0182B32381972E0075E20E /* ZigazagPuzzle.app */,
				BE0182C7238197310075E20E /* ZigazagPuzzleTests.xctest */,
				BE0182D2238197310075E20E /* ZigazagPuzzleUITests.xctest */,
			);
			name = Products;
			sourceTree = "<group>";
		};
		BE0182B52381972E0075E20E /* ZigazagPuzzle */ = {
			isa = PBXGroup;
			children = (
				BE1D454D2442AD2C00363C93 /* downloader */,
				BEEF2B322438D91600C0511F /* server */,
				BEF0576823B5FB3B00A658C1 /* icon.jpg */,
				BE784CA523B9CFE600B6423D /* banner_subs.jpg */,
				BE0376CA239C246000F75CC1 /* images */,
				BE0376C5239C1D6400F75CC1 /* data */,
				BEFE63CD239B859A004831BB /* sounds */,
				BE0182C2238197310075E20E /* Info.plist */,
				BE9789DD2441B37E00D15A57 /* GoogleService-Info.plist */,
				BE0A9CA52397AA2800594598 /* AppConfig */,
				BE0A9CA62397B6B600594598 /* GameClass */,
				BE0182B82381972E0075E20E /* PuzzleViewController.swift */,
				BE0376C8239C222B00F75CC1 /* PhotoViewController.swift */,
				BEDED39F23B1F75600ABE84A /* CategoryViewController.swift */,
				BE276F2F23B8495000C6314B /* SubscriptionViewController.swift */,
				BE494BC923D2C5CB00C5FBDF /* SettingsViewController.swift */,
				BEF0F1E823DC2E2B007F7A54 /* TermsViewController.swift */,
				BE4259D12412412A001FF89B /* SubscriptionManager.swift */,
			);
			path = ZigazagPuzzle;
			sourceTree = "<group>";
		};
		BE0182CA238197310075E20E /* ZigazagPuzzleTests */ = {
			isa = PBXGroup;
			children = (
				BE0182CB238197310075E20E /* ZigazagPuzzleTests.swift */,
				BE0182CD238197310075E20E /* Info.plist */,
			);
			path = ZigazagPuzzleTests;
			sourceTree = "<group>";
		};
		BE0182D5238197310075E20E /* ZigazagPuzzleUITests */ = {
			isa = PBXGroup;
			children = (
				BE0182D6238197310075E20E /* ZigazagPuzzleUITests.swift */,
				BE0182D8238197310075E20E /* Info.plist */,
			);
			path = ZigazagPuzzleUITests;
			sourceTree = "<group>";
		};
		BE0376C5239C1D6400F75CC1 /* data */ = {
			isa = PBXGroup;
			children = (
				BEFEAE1B239D516F00BBEB65 /* PhotoDataSource.swift */,
				BE0376C6239C1DAE00F75CC1 /* ImageViewCell.swift */,
				BEFEAE19239D4A7700BBEB65 /* PhotoCollectionView.swift */,
				BEF0576623B5F41C00A658C1 /* CategoryCollectionView.swift */,
				BEF0576E23B67A1200A658C1 /* SweetAlert.swift */,
				BE8B8A4823BE01AD0003CD57 /* BorderButton.swift */,
				BE8B8A4A23C1C52A0003CD57 /* BackgroundShadowView.swift */,
				BE494BCB23D2F28C00C5FBDF /* SettingTableCell.swift */,
			);
			path = data;
			sourceTree = "<group>";
		};
		BE0376CA239C246000F75CC1 /* images */ = {
			isa = PBXGroup;
			children = (
				BE940B19242F4E9B00147F16 /* paradox */,
				BE940AE4242F480500147F16 /* nature */,
				BE940AD5242F3BC200147F16 /* pet */,
				BE5E20C623C5FB260059E7EB /* cartoon */,
				BE5E20BD23C5F4540059E7EB /* animals */,
				BE5E20AA23C324300059E7EB /* flowers */,
				BE0376DD239C2B6600F75CC1 /* puzzle_images_data.json */,
			);
			path = images;
			sourceTree = "<group>";
		};
		BE0A9CA52397AA2800594598 /* AppConfig */ = {
			isa = PBXGroup;
			children = (
				BE0182E5238197600075E20E /* sample.jpg */,
				BE0182B62381972E0075E20E /* AppDelegate.swift */,
				BEFE5ADD23966049000E567F /* AppConstants.swift */,
				BE0182BA2381972E0075E20E /* Main.storyboard */,
				BE0182BD238197310075E20E /* Assets.xcassets */,
				BE0182BF238197310075E20E /* LaunchScreen.storyboard */,
				BE494BCF23D35CA200C5FBDF /* settings.plist */,
				BE69E8F223DC304D001B7D71 /* subscription.html */,
				BE69E8F023DC304D001B7D71 /* privacy.html */,
				BE69E8F123DC304D001B7D71 /* term.html */,
			);
			path = AppConfig;
			sourceTree = "<group>";
		};
		BE0A9CA62397B6B600594598 /* GameClass */ = {
			isa = PBXGroup;
			children = (
				BE0182E8238197600075E20E /* ImageSquare.swift */,
				BE0182E6238197600075E20E /* ImageHandler.swift */,
				BE0182E7238197600075E20E /* ImageSquareHandler.swift */,
				BE0182EE238198450075E20E /* SquareType.swift */,
				BE0182E4238197600075E20E /* ViewSquare.swift */,
				BE5DA3A923B8097100833354 /* ImagePreview.xib */,
				BE5DA3AD23B80A0600833354 /* ShadowView.swift */,
				BE5DA3AA23B8097100833354 /* ImagePreview.swift */,
				BE0156C2242B99690041938C /* LoadingView.xib */,
				BEF680F624347FC0004FC714 /* SquareBoxes.xib */,
				BE0156C4242B99FE0041938C /* LoadingView.swift */,
				BEF680F824348397004FC714 /* SquareBoxes.swift */,
				BED50BB724497953006F6F17 /* DownloadLoadingView.xib */,
				BED50BB924497960006F6F17 /* DownloadLoadingView.swift */,
			);
			path = GameClass;
			sourceTree = "<group>";
		};
		BE1D454D2442AD2C00363C93 /* downloader */ = {
			isa = PBXGroup;
			children = (
				BEE323872446571600EE6D8A /* CircularProgress.swift */,
				BE1D454E2442AD3900363C93 /* BaseDataTask.swift */,
				BE1D45502442AD3F00363C93 /* DownloadDataTask.swift */,
				BE1D45522442AD4600363C93 /* BaseDownloader.swift */,
				BE1D45542442AD4E00363C93 /* DataDownloader.swift */,
				BE6F5FAB2444C39C004E5AB0 /* DownloaderDelegate.swift */,
			);
			path = downloader;
			sourceTree = "<group>";
		};
		BE5E20AA23C324300059E7EB /* flowers */ = {
			isa = PBXGroup;
			children = (
				BE940A97242F261B00147F16 /* fl0.jpg */,
				BE940A98242F261C00147F16 /* fl1.jpg */,
				BE940A96242F261A00147F16 /* fl2.jpg */,
				BE940A9E242F262000147F16 /* fl3.jpg */,
				BE940A9F242F262000147F16 /* fl4.jpg */,
				BE940AA0242F262100147F16 /* fl5.jpg */,
				BE940A9D242F261F00147F16 /* fl6.jpg */,
				BE940AA1242F262100147F16 /* fl7.jpg */,
				BE940A93242F261A00147F16 /* fl8.jpg */,
				BE940A9B242F261F00147F16 /* fl9.jpg */,
				BE940A94242F261A00147F16 /* fl10.jpg */,
				BE940A99242F261E00147F16 /* fl11.jpg */,
				BE940A95242F261A00147F16 /* fl12.jpg */,
				BE940A9C242F261F00147F16 /* fl13.jpg */,
				BE940A9A242F261F00147F16 /* fl14.jpg */,
				BE5E20B323C5EF3F0059E7EB /* category_1.png */,
			);
			path = flowers;
			sourceTree = "<group>";
		};
		BE5E20BD23C5F4540059E7EB /* animals */ = {
			isa = PBXGroup;
			children = (
				BE940AB7242F36C200147F16 /* an0.jpg */,
				BE940ABA242F36C600147F16 /* an1.jpg */,
				BE940ABB242F36C800147F16 /* an2.jpg */,
				BE940ABE242F36CC00147F16 /* an3.jpg */,
				BE940AC2242F36CD00147F16 /* an4.jpg */,
				BE940AB6242F36C200147F16 /* an5.jpg */,
				BE940AC0242F36CD00147F16 /* an6.jpg */,
				BE940ABD242F36CA00147F16 /* an7.jpg */,
				BE940ABC242F36C900147F16 /* an8.jpg */,
				BE940AB1242F36C100147F16 /* an9.jpg */,
				BE940AB3242F36C100147F16 /* an10.jpg */,
				BE940AB9242F36C500147F16 /* an11.jpg */,
				BE940AB2242F36C100147F16 /* an12.jpg */,
				BE940ABF242F36CD00147F16 /* an13.jpg */,
				BE940AB4242F36C100147F16 /* an14.jpg */,
				BE940AB5242F36C200147F16 /* an15.jpg */,
				BE940AC1242F36CD00147F16 /* an16.jpg */,
				BE940AB8242F36C300147F16 /* an17.jpg */,
				BE5E20C423C5F6F60059E7EB /* category_2.png */,
			);
			path = animals;
			sourceTree = "<group>";
		};
		BE5E20C623C5FB260059E7EB /* cartoon */ = {
			isa = PBXGroup;
			children = (
				BE5E20CF23C5FE880059E7EB /* category_3.jpg */,
				BE5E20C823C5FB310059E7EB /* ct0.jpg */,
				BE5E20C923C5FB310059E7EB /* ct1.jpg */,
				BE39FA47242E9512002418D7 /* ct2.jpg */,
				BE39FA60242E9DE6002418D7 /* ct3.jpg */,
				BE39FA5F242E9DE6002418D7 /* ct4.jpg */,
				BE39FA49242E9524002418D7 /* ct5.jpg */,
				BE39FA4D242E9526002418D7 /* ct6.jpg */,
				BE39FA50242E9527002418D7 /* ct7.jpg */,
				BE39FA4E242E9527002418D7 /* ct8.jpg */,
				BE39FA4C242E9526002418D7 /* ct9.jpg */,
				BE39FA4B242E9525002418D7 /* ct10.jpg */,
				BE39FA51242E9528002418D7 /* ct11.jpg */,
				BE39FA4A242E9525002418D7 /* ct12.jpg */,
				BE39FA4F242E9527002418D7 /* ct13.jpg */,
			);
			path = cartoon;
			sourceTree = "<group>";
		};
		BE940AD5242F3BC200147F16 /* pet */ = {
			isa = PBXGroup;
			children = (
				BE940AD7242F3EF600147F16 /* pt0.jpg */,
				BE940AD9242F3EF600147F16 /* pt1.jpg */,
				BE940ADB242F3EF800147F16 /* pt2.jpg */,
				BE940AD6242F3EF600147F16 /* pt3.jpg */,
				BE940ADC242F3EF800147F16 /* pt4.jpg */,
				BE940AD8242F3EF600147F16 /* pt5.jpg */,
				BE940ADA242F3EF700147F16 /* pt6.jpg */,
			);
			path = pet;
			sourceTree = "<group>";
		};
		BE940AE4242F480500147F16 /* nature */ = {
			isa = PBXGroup;
			children = (
				BE940B02242F4B3200147F16 /* nt0.jpg */,
				BE940B09242F4B3400147F16 /* nt1.jpg */,
				BE940B04242F4B3200147F16 /* nt2.jpg */,
				BE940B0A242F4B3500147F16 /* nt3.jpg */,
				BE940B03242F4B3200147F16 /* nt4.jpg */,
				BE940B0B242F4B3600147F16 /* nt5.jpg */,
				BE940B05242F4B3300147F16 /* nt6.jpg */,
				BE940B07242F4B3300147F16 /* nt7.jpg */,
				BE940B17242F4C5B00147F16 /* nt9.jpg */,
				BE940B08242F4B3300147F16 /* nt8.jpg */,
				BE940B06242F4B3300147F16 /* nt10.jpg */,
				BE940B01242F4B3200147F16 /* nt11.jpg */,
			);
			path = nature;
			sourceTree = "<group>";
		};
		BE940B19242F4E9B00147F16 /* paradox */ = {
			isa = PBXGroup;
			children = (
				BE940B2C242F51DA00147F16 /* pd0.jpg */,
				BE940B1E242F51D600147F16 /* pd1.jpg */,
				BE940B28242F51D900147F16 /* pd2.jpg */,
				BE940B1A242F51D500147F16 /* pd3.jpg */,
				BE940B2E242F51DB00147F16 /* pd4.jpg */,
				BE940B29242F51DA00147F16 /* pd5.jpg */,
				BE940B1F242F51D600147F16 /* pd6.jpg */,
				BE940B1C242F51D600147F16 /* pd7.jpg */,
				BE940B1B242F51D500147F16 /* pd8.jpg */,
				BE940B1D242F51D600147F16 /* pd9.jpg */,
				BE940B20242F51D600147F16 /* pd10.jpg */,
				BE940B2D242F51DA00147F16 /* pd11.jpg */,
				BE940B26242F51D800147F16 /* pd12.jpg */,
				BE940B27242F51D900147F16 /* pd13.jpg */,
				BE940B21242F51D600147F16 /* pd14.jpg */,
				BE940B25242F51D800147F16 /* pd15.jpg */,
				BE940B22242F51D600147F16 /* pd16.jpg */,
				BE940B23242F51D700147F16 /* pd17.jpg */,
				BE940B2F242F51DB00147F16 /* pd18.jpg */,
				BEF680F4243460F7004FC714 /* pd20.jpg */,
				BE940B24242F51D700147F16 /* pd21.jpg */,
				BE940B30242F51DB00147F16 /* pd22.jpg */,
				BE940B2A242F51DA00147F16 /* pd23.jpg */,
				BE940B2B242F51DA00147F16 /* pd24.jpg */,
				BE940B31242F51DB00147F16 /* pd25.jpg */,
			);
			path = paradox;
			sourceTree = "<group>";
		};
		BEEF2B322438D91600C0511F /* server */ = {
			isa = PBXGroup;
			children = (
				BEEF2B332438D93B00C0511F /* TrendViewController.swift */,
				BEEF2B352438DDE400C0511F /* TrendCell.swift */,
				BEEF2B372438DFCD00C0511F /* LinearGradientView.swift */,
			);
			path = server;
			sourceTree = "<group>";
		};
		BEFE63CD239B859A004831BB /* sounds */ = {
			isa = PBXGroup;
			children = (
				BEFE63D0239B8709004831BB /* ting.mp3 */,
				BEFE63CE239B85AF004831BB /* GameMusic.swift */,
			);
			path = sounds;
			sourceTree = "<group>";
		};
		FCFF1647ED6654A81DB249E6 /* Frameworks */ = {
			isa = PBXGroup;
			children = (
				EA340AAD9B6CC8FB04701C86 /* Pods_ZigazagPuzzle.framework */,
				82F45B5AD83AA97AA2A8CA28 /* Pods_ZigazagPuzzle_ZigazagPuzzleUITests.framework */,
				3EF2A4F0A3D3EFA07D84D61E /* Pods_ZigazagPuzzleTests.framework */,
			);
			name = Frameworks;
			sourceTree = "<group>";
		};
/* End PBXGroup section */

/* Begin PBXNativeTarget section */
		BE0182B22381972E0075E20E /* ZigazagPuzzle */ = {
			isa = PBXNativeTarget;
			buildConfigurationList = BE0182DB238197310075E20E /* Build configuration list for PBXNativeTarget "ZigazagPuzzle" */;
			buildPhases = (
				5A2C11B88F12382F2D95E631 /* [CP] Check Pods Manifest.lock */,
				BE0182AF2381972E0075E20E /* Sources */,
				BE0182B02381972E0075E20E /* Frameworks */,
				BE0182B12381972E0075E20E /* Resources */,
				00D16474F4E0988EA47710B5 /* [CP] Embed Pods Frameworks */,
			);
			buildRules = (
			);
			dependencies = (
			);
			name = ZigazagPuzzle;
			productName = ZigazagPuzzle;
			productReference = BE0182B32381972E0075E20E /* ZigazagPuzzle.app */;
			productType = "com.apple.product-type.application";
		};
		BE0182C6238197310075E20E /* ZigazagPuzzleTests */ = {
			isa = PBXNativeTarget;
			buildConfigurationList = BE0182DE238197310075E20E /* Build configuration list for PBXNativeTarget "ZigazagPuzzleTests" */;
			buildPhases = (
				A265A080C3A3F10E3960627F /* [CP] Check Pods Manifest.lock */,
				BE0182C3238197310075E20E /* Sources */,
				BE0182C4238197310075E20E /* Frameworks */,
				BE0182C5238197310075E20E /* Resources */,
			);
			buildRules = (
			);
			dependencies = (
				BE0182C9238197310075E20E /* PBXTargetDependency */,
			);
			name = ZigazagPuzzleTests;
			productName = ZigazagPuzzleTests;
			productReference = BE0182C7238197310075E20E /* ZigazagPuzzleTests.xctest */;
			productType = "com.apple.product-type.bundle.unit-test";
		};
		BE0182D1238197310075E20E /* ZigazagPuzzleUITests */ = {
			isa = PBXNativeTarget;
			buildConfigurationList = BE0182E1238197310075E20E /* Build configuration list for PBXNativeTarget "ZigazagPuzzleUITests" */;
			buildPhases = (
				3529A2D7B0FD72D738E05CD4 /* [CP] Check Pods Manifest.lock */,
				BE0182CE238197310075E20E /* Sources */,
				BE0182CF238197310075E20E /* Frameworks */,
				BE0182D0238197310075E20E /* Resources */,
				F6D9E195F38ACF49A2E38423 /* [CP] Embed Pods Frameworks */,
			);
			buildRules = (
			);
			dependencies = (
				BE0182D4238197310075E20E /* PBXTargetDependency */,
			);
			name = ZigazagPuzzleUITests;
			productName = ZigazagPuzzleUITests;
			productReference = BE0182D2238197310075E20E /* ZigazagPuzzleUITests.xctest */;
			productType = "com.apple.product-type.bundle.ui-testing";
		};
/* End PBXNativeTarget section */

/* Begin PBXProject section */
		BE0182AB2381972D0075E20E /* Project object */ = {
			isa = PBXProject;
			attributes = {
				KnownAssetTags = (
					Animal,
					Animals,
					Cartoon,
					Flower,
					Flowers,
					Nature,
					Paradox,
					Pet,
					cartoon,
				);
				LastSwiftUpdateCheck = 1020;
				LastUpgradeCheck = 1020;
				ORGANIZATIONNAME = "Mostafizur Rahman";
				TargetAttributes = {
					BE0182B22381972E0075E20E = {
						CreatedOnToolsVersion = 10.2;
					};
					BE0182C6238197310075E20E = {
						CreatedOnToolsVersion = 10.2;
						TestTargetID = BE0182B22381972E0075E20E;
					};
					BE0182D1238197310075E20E = {
						CreatedOnToolsVersion = 10.2;
						TestTargetID = BE0182B22381972E0075E20E;
					};
				};
			};
			buildConfigurationList = BE0182AE2381972D0075E20E /* Build configuration list for PBXProject "ZigazagPuzzle" */;
			compatibilityVersion = "Xcode 9.3";
			developmentRegion = en;
			hasScannedForEncodings = 0;
			knownRegions = (
				en,
				Base,
			);
			mainGroup = BE0182AA2381972D0075E20E;
			productRefGroup = BE0182B42381972E0075E20E /* Products */;
			projectDirPath = "";
			projectRoot = "";
			targets = (
				BE0182B22381972E0075E20E /* ZigazagPuzzle */,
				BE0182C6238197310075E20E /* ZigazagPuzzleTests */,
				BE0182D1238197310075E20E /* ZigazagPuzzleUITests */,
			);
		};
/* End PBXProject section */

/* Begin PBXResourcesBuildPhase section */
		BE0182B12381972E0075E20E /* Resources */ = {
			isa = PBXResourcesBuildPhase;
			buildActionMask = 2147483647;
			files = (
				BE39FA52242E9528002418D7 /* ct5.jpg in Resources */,
				BE940AC8242F36CE00147F16 /* an5.jpg in Resources */,
				BE940B49242F51DB00147F16 /* pd25.jpg in Resources */,
				BE940AA8242F262100147F16 /* fl11.jpg in Resources */,
				BE784CA623B9CFE700B6423D /* banner_subs.jpg in Resources */,
				BE940AAD242F262100147F16 /* fl3.jpg in Resources */,
				BE940B16242F4B3700147F16 /* nt5.jpg in Resources */,
				BE940B46242F51DB00147F16 /* pd4.jpg in Resources */,
				BE5E20CD23C5FB310059E7EB /* ct1.jpg in Resources */,
				BEF0576923B5FB3B00A658C1 /* icon.jpg in Resources */,
				BE940B3F242F51DB00147F16 /* pd13.jpg in Resources */,
				BE940AD2242F36CE00147F16 /* an6.jpg in Resources */,
				BE5DA3AB23B8097200833354 /* ImagePreview.xib in Resources */,
				BE940AC4242F36CE00147F16 /* an12.jpg in Resources */,
				BE940B10242F4B3700147F16 /* nt6.jpg in Resources */,
				BEF680F724347FC0004FC714 /* SquareBoxes.xib in Resources */,
				BE940B11242F4B3700147F16 /* nt10.jpg in Resources */,
				BE940B3B242F51DB00147F16 /* pd17.jpg in Resources */,
				BE940ADD242F3EF800147F16 /* pt3.jpg in Resources */,
				BE940AA2242F262100147F16 /* fl8.jpg in Resources */,
				BE940B35242F51DB00147F16 /* pd9.jpg in Resources */,
				BE940AE3242F3EF800147F16 /* pt4.jpg in Resources */,
				BE940ADF242F3EF800147F16 /* pt5.jpg in Resources */,
				BE0182C1238197310075E20E /* LaunchScreen.storyboard in Resources */,
				BE5E20CC23C5FB310059E7EB /* ct0.jpg in Resources */,
				BE940AD3242F36CE00147F16 /* an16.jpg in Resources */,
				BE0376DE239C2B6600F75CC1 /* puzzle_images_data.json in Resources */,
				BE940AAE242F262100147F16 /* fl4.jpg in Resources */,
				BE940B13242F4B3700147F16 /* nt8.jpg in Resources */,
				BE940AA4242F262100147F16 /* fl12.jpg in Resources */,
				BE940B3D242F51DB00147F16 /* pd15.jpg in Resources */,
				BE940AC3242F36CE00147F16 /* an9.jpg in Resources */,
				BE940AC7242F36CE00147F16 /* an15.jpg in Resources */,
				BE940B47242F51DB00147F16 /* pd18.jpg in Resources */,
				BE940B3C242F51DB00147F16 /* pd21.jpg in Resources */,
				BE940B14242F4B3700147F16 /* nt1.jpg in Resources */,
				BE940B40242F51DB00147F16 /* pd2.jpg in Resources */,
				BEFE63D1239B8709004831BB /* ting.mp3 in Resources */,
				BE5E20D023C5FE880059E7EB /* category_3.jpg in Resources */,
				BE940AA3242F262100147F16 /* fl10.jpg in Resources */,
				BE940AAA242F262100147F16 /* fl9.jpg in Resources */,
				BE940AA9242F262100147F16 /* fl14.jpg in Resources */,
				BE940B45242F51DB00147F16 /* pd11.jpg in Resources */,
				BE0182BE238197310075E20E /* Assets.xcassets in Resources */,
				BE39FA56242E9528002418D7 /* ct6.jpg in Resources */,
				BE69E8F423DC304D001B7D71 /* term.html in Resources */,
				BE940AD0242F36CE00147F16 /* an3.jpg in Resources */,
				BE39FA57242E9528002418D7 /* ct8.jpg in Resources */,
				BE940AB0242F262100147F16 /* fl7.jpg in Resources */,
				BE940ACC242F36CE00147F16 /* an1.jpg in Resources */,
				BEF680F5243460FD004FC714 /* pd20.jpg in Resources */,
				BE940B18242F4C5C00147F16 /* nt9.jpg in Resources */,
				BE940B43242F51DB00147F16 /* pd24.jpg in Resources */,
				BE5E20C523C5F6F60059E7EB /* category_2.png in Resources */,
				BE940B3A242F51DB00147F16 /* pd16.jpg in Resources */,
				BE940B3E242F51DB00147F16 /* pd12.jpg in Resources */,
				BE940AAC242F262100147F16 /* fl6.jpg in Resources */,
				BE940B36242F51DB00147F16 /* pd1.jpg in Resources */,
				BE940B41242F51DB00147F16 /* pd5.jpg in Resources */,
				BE940B0E242F4B3700147F16 /* nt4.jpg in Resources */,
				BE940B34242F51DB00147F16 /* pd7.jpg in Resources */,
				BE940B12242F4B3700147F16 /* nt7.jpg in Resources */,
				BE940AD4242F36CE00147F16 /* an4.jpg in Resources */,
				BE940B32242F51DB00147F16 /* pd3.jpg in Resources */,
				BE940AE2242F3EF800147F16 /* pt2.jpg in Resources */,
				BE940B39242F51DB00147F16 /* pd14.jpg in Resources */,
				BE940B0F242F4B3700147F16 /* nt2.jpg in Resources */,
				BE39FA53242E9528002418D7 /* ct12.jpg in Resources */,
				BE940AC6242F36CE00147F16 /* an14.jpg in Resources */,
				BE39FA59242E9528002418D7 /* ct7.jpg in Resources */,
				BE39FA58242E9528002418D7 /* ct13.jpg in Resources */,
				BED50BB824497953006F6F17 /* DownloadLoadingView.xib in Resources */,
				BE940ACF242F36CE00147F16 /* an7.jpg in Resources */,
				BE39FA61242E9DE6002418D7 /* ct4.jpg in Resources */,
				BE940ACB242F36CE00147F16 /* an11.jpg in Resources */,
				BE940AE0242F3EF800147F16 /* pt1.jpg in Resources */,
				BE940ACE242F36CE00147F16 /* an8.jpg in Resources */,
				BE940B0D242F4B3700147F16 /* nt0.jpg in Resources */,
				BE0156C3242B99690041938C /* LoadingView.xib in Resources */,
				BE940AC9242F36CE00147F16 /* an0.jpg in Resources */,
				BE39FA54242E9528002418D7 /* ct10.jpg in Resources */,
				BE39FA55242E9528002418D7 /* ct9.jpg in Resources */,
				BE940AA6242F262100147F16 /* fl0.jpg in Resources */,
				BE940ADE242F3EF800147F16 /* pt0.jpg in Resources */,
				BE940B42242F51DB00147F16 /* pd23.jpg in Resources */,
				BE39FA5A242E9528002418D7 /* ct11.jpg in Resources */,
				BE494BD023D35CA200C5FBDF /* settings.plist in Resources */,
				BE5E20B423C5EF3F0059E7EB /* category_1.png in Resources */,
				BE69E8F323DC304D001B7D71 /* privacy.html in Resources */,
				BE940B48242F51DB00147F16 /* pd22.jpg in Resources */,
				BE0182BC2381972E0075E20E /* Main.storyboard in Resources */,
				BE940AD1242F36CE00147F16 /* an13.jpg in Resources */,
				BE940B44242F51DB00147F16 /* pd0.jpg in Resources */,
				BE39FA62242E9DE6002418D7 /* ct3.jpg in Resources */,
				BE0182EA238197600075E20E /* sample.jpg in Resources */,
				BE940B33242F51DB00147F16 /* pd8.jpg in Resources */,
				BE940B38242F51DB00147F16 /* pd10.jpg in Resources */,
				BE940AA7242F262100147F16 /* fl1.jpg in Resources */,
				BE940AA5242F262100147F16 /* fl2.jpg in Resources */,
				BE940AAB242F262100147F16 /* fl13.jpg in Resources */,
				BE940B15242F4B3700147F16 /* nt3.jpg in Resources */,
				BE940AAF242F262100147F16 /* fl5.jpg in Resources */,
				BE940AE1242F3EF800147F16 /* pt6.jpg in Resources */,
				BE69E8F523DC304D001B7D71 /* subscription.html in Resources */,
				BE940B0C242F4B3700147F16 /* nt11.jpg in Resources */,
				BE940B37242F51DB00147F16 /* pd6.jpg in Resources */,
				BE940ACA242F36CE00147F16 /* an17.jpg in Resources */,
				BE39FA48242E9512002418D7 /* ct2.jpg in Resources */,
				BE9789DE2441B37F00D15A57 /* GoogleService-Info.plist in Resources */,
				BE940AC5242F36CE00147F16 /* an10.jpg in Resources */,
				BE940ACD242F36CE00147F16 /* an2.jpg in Resources */,
			);
			runOnlyForDeploymentPostprocessing = 0;
		};
		BE0182C5238197310075E20E /* Resources */ = {
			isa = PBXResourcesBuildPhase;
			buildActionMask = 2147483647;
			files = (
			);
			runOnlyForDeploymentPostprocessing = 0;
		};
		BE0182D0238197310075E20E /* Resources */ = {
			isa = PBXResourcesBuildPhase;
			buildActionMask = 2147483647;
			files = (
			);
			runOnlyForDeploymentPostprocessing = 0;
		};
/* End PBXResourcesBuildPhase section */

/* Begin PBXShellScriptBuildPhase section */
		00D16474F4E0988EA47710B5 /* [CP] Embed Pods Frameworks */ = {
			isa = PBXShellScriptBuildPhase;
			buildActionMask = 2147483647;
			files = (
			);
			inputFileListPaths = (
				"${PODS_ROOT}/Target Support Files/Pods-ZigazagPuzzle/Pods-ZigazagPuzzle-frameworks-${CONFIGURATION}-input-files.xcfilelist",
			);
			name = "[CP] Embed Pods Frameworks";
			outputFileListPaths = (
				"${PODS_ROOT}/Target Support Files/Pods-ZigazagPuzzle/Pods-ZigazagPuzzle-frameworks-${CONFIGURATION}-output-files.xcfilelist",
			);
			runOnlyForDeploymentPostprocessing = 0;
			shellPath = /bin/sh;
			shellScript = "\"${PODS_ROOT}/Target Support Files/Pods-ZigazagPuzzle/Pods-ZigazagPuzzle-frameworks.sh\"\n";
			showEnvVarsInLog = 0;
		};
		3529A2D7B0FD72D738E05CD4 /* [CP] Check Pods Manifest.lock */ = {
			isa = PBXShellScriptBuildPhase;
			buildActionMask = 2147483647;
			files = (
			);
			inputFileListPaths = (
			);
			inputPaths = (
				"${PODS_PODFILE_DIR_PATH}/Podfile.lock",
				"${PODS_ROOT}/Manifest.lock",
			);
			name = "[CP] Check Pods Manifest.lock";
			outputFileListPaths = (
			);
			outputPaths = (
				"$(DERIVED_FILE_DIR)/Pods-ZigazagPuzzle-ZigazagPuzzleUITests-checkManifestLockResult.txt",
			);
			runOnlyForDeploymentPostprocessing = 0;
			shellPath = /bin/sh;
			shellScript = "diff \"${PODS_PODFILE_DIR_PATH}/Podfile.lock\" \"${PODS_ROOT}/Manifest.lock\" > /dev/null\nif [ $? != 0 ] ; then\n    # print error to STDERR\n    echo \"error: The sandbox is not in sync with the Podfile.lock. Run 'pod install' or update your CocoaPods installation.\" >&2\n    exit 1\nfi\n# This output is used by Xcode 'outputs' to avoid re-running this script phase.\necho \"SUCCESS\" > \"${SCRIPT_OUTPUT_FILE_0}\"\n";
			showEnvVarsInLog = 0;
		};
		5A2C11B88F12382F2D95E631 /* [CP] Check Pods Manifest.lock */ = {
			isa = PBXShellScriptBuildPhase;
			buildActionMask = 2147483647;
			files = (
			);
			inputFileListPaths = (
			);
			inputPaths = (
				"${PODS_PODFILE_DIR_PATH}/Podfile.lock",
				"${PODS_ROOT}/Manifest.lock",
			);
			name = "[CP] Check Pods Manifest.lock";
			outputFileListPaths = (
			);
			outputPaths = (
				"$(DERIVED_FILE_DIR)/Pods-ZigazagPuzzle-checkManifestLockResult.txt",
			);
			runOnlyForDeploymentPostprocessing = 0;
			shellPath = /bin/sh;
			shellScript = "diff \"${PODS_PODFILE_DIR_PATH}/Podfile.lock\" \"${PODS_ROOT}/Manifest.lock\" > /dev/null\nif [ $? != 0 ] ; then\n    # print error to STDERR\n    echo \"error: The sandbox is not in sync with the Podfile.lock. Run 'pod install' or update your CocoaPods installation.\" >&2\n    exit 1\nfi\n# This output is used by Xcode 'outputs' to avoid re-running this script phase.\necho \"SUCCESS\" > \"${SCRIPT_OUTPUT_FILE_0}\"\n";
			showEnvVarsInLog = 0;
		};
		A265A080C3A3F10E3960627F /* [CP] Check Pods Manifest.lock */ = {
			isa = PBXShellScriptBuildPhase;
			buildActionMask = 2147483647;
			files = (
			);
			inputFileListPaths = (
			);
			inputPaths = (
				"${PODS_PODFILE_DIR_PATH}/Podfile.lock",
				"${PODS_ROOT}/Manifest.lock",
			);
			name = "[CP] Check Pods Manifest.lock";
			outputFileListPaths = (
			);
			outputPaths = (
				"$(DERIVED_FILE_DIR)/Pods-ZigazagPuzzleTests-checkManifestLockResult.txt",
			);
			runOnlyForDeploymentPostprocessing = 0;
			shellPath = /bin/sh;
			shellScript = "diff \"${PODS_PODFILE_DIR_PATH}/Podfile.lock\" \"${PODS_ROOT}/Manifest.lock\" > /dev/null\nif [ $? != 0 ] ; then\n    # print error to STDERR\n    echo \"error: The sandbox is not in sync with the Podfile.lock. Run 'pod install' or update your CocoaPods installation.\" >&2\n    exit 1\nfi\n# This output is used by Xcode 'outputs' to avoid re-running this script phase.\necho \"SUCCESS\" > \"${SCRIPT_OUTPUT_FILE_0}\"\n";
			showEnvVarsInLog = 0;
		};
		F6D9E195F38ACF49A2E38423 /* [CP] Embed Pods Frameworks */ = {
			isa = PBXShellScriptBuildPhase;
			buildActionMask = 2147483647;
			files = (
			);
			inputFileListPaths = (
				"${PODS_ROOT}/Target Support Files/Pods-ZigazagPuzzle-ZigazagPuzzleUITests/Pods-ZigazagPuzzle-ZigazagPuzzleUITests-frameworks-${CONFIGURATION}-input-files.xcfilelist",
			);
			name = "[CP] Embed Pods Frameworks";
			outputFileListPaths = (
				"${PODS_ROOT}/Target Support Files/Pods-ZigazagPuzzle-ZigazagPuzzleUITests/Pods-ZigazagPuzzle-ZigazagPuzzleUITests-frameworks-${CONFIGURATION}-output-files.xcfilelist",
			);
			runOnlyForDeploymentPostprocessing = 0;
			shellPath = /bin/sh;
			shellScript = "\"${PODS_ROOT}/Target Support Files/Pods-ZigazagPuzzle-ZigazagPuzzleUITests/Pods-ZigazagPuzzle-ZigazagPuzzleUITests-frameworks.sh\"\n";
			showEnvVarsInLog = 0;
		};
/* End PBXShellScriptBuildPhase section */

/* Begin PBXSourcesBuildPhase section */
		BE0182AF2381972E0075E20E /* Sources */ = {
			isa = PBXSourcesBuildPhase;
			buildActionMask = 2147483647;
			files = (
				BE5DA3AE23B80A0600833354 /* ShadowView.swift in Sources */,
				BE4259D22412412A001FF89B /* SubscriptionManager.swift in Sources */,
				BE0182B92381972E0075E20E /* PuzzleViewController.swift in Sources */,
				BE0182E9238197600075E20E /* ViewSquare.swift in Sources */,
				BEEF2B342438D93B00C0511F /* TrendViewController.swift in Sources */,
				BEEF2B382438DFCD00C0511F /* LinearGradientView.swift in Sources */,
				BE8B8A4923BE01AD0003CD57 /* BorderButton.swift in Sources */,
				BEE323882446571600EE6D8A /* CircularProgress.swift in Sources */,
				BEDED3A023B1F75600ABE84A /* CategoryViewController.swift in Sources */,
				BE0182ED238197600075E20E /* ImageSquare.swift in Sources */,
				BEFE5ADE23966049000E567F /* AppConstants.swift in Sources */,
				BEF0576723B5F41C00A658C1 /* CategoryCollectionView.swift in Sources */,
				BE8B8A4B23C1C52A0003CD57 /* BackgroundShadowView.swift in Sources */,
				BE0182EC238197600075E20E /* ImageSquareHandler.swift in Sources */,
				BE0156C5242B99FE0041938C /* LoadingView.swift in Sources */,
				BEFEAE1A239D4A7700BBEB65 /* PhotoCollectionView.swift in Sources */,
				BE1D454F2442AD3900363C93 /* BaseDataTask.swift in Sources */,
				BE276F3023B8495000C6314B /* SubscriptionViewController.swift in Sources */,
				BE0182EF238198460075E20E /* SquareType.swift in Sources */,
				BE494BCC23D2F28C00C5FBDF /* SettingTableCell.swift in Sources */,
				BE6F5FAC2444C39C004E5AB0 /* DownloaderDelegate.swift in Sources */,
				BE494BCA23D2C5CB00C5FBDF /* SettingsViewController.swift in Sources */,
				BE0182EB238197600075E20E /* ImageHandler.swift in Sources */,
				BEFE63CF239B85AF004831BB /* GameMusic.swift in Sources */,
				BE1D45512442AD3F00363C93 /* DownloadDataTask.swift in Sources */,
				BEF0576F23B67A1200A658C1 /* SweetAlert.swift in Sources */,
				BE5DA3AC23B8097200833354 /* ImagePreview.swift in Sources */,
				BE1D45552442AD4E00363C93 /* DataDownloader.swift in Sources */,
				BEEF2B362438DDE400C0511F /* TrendCell.swift in Sources */,
				BEF680F924348397004FC714 /* SquareBoxes.swift in Sources */,
				BE0376C7239C1DAE00F75CC1 /* ImageViewCell.swift in Sources */,
				BE0182B72381972E0075E20E /* AppDelegate.swift in Sources */,
				BEFEAE1C239D516F00BBEB65 /* PhotoDataSource.swift in Sources */,
				BED50BBA24497960006F6F17 /* DownloadLoadingView.swift in Sources */,
				BEF0F1E923DC2E2C007F7A54 /* TermsViewController.swift in Sources */,
				BE1D45532442AD4600363C93 /* BaseDownloader.swift in Sources */,
				BE0376C9239C222B00F75CC1 /* PhotoViewController.swift in Sources */,
			);
			runOnlyForDeploymentPostprocessing = 0;
		};
		BE0182C3238197310075E20E /* Sources */ = {
			isa = PBXSourcesBuildPhase;
			buildActionMask = 2147483647;
			files = (
				BE0182CC238197310075E20E /* ZigazagPuzzleTests.swift in Sources */,
			);
			runOnlyForDeploymentPostprocessing = 0;
		};
		BE0182CE238197310075E20E /* Sources */ = {
			isa = PBXSourcesBuildPhase;
			buildActionMask = 2147483647;
			files = (
				BE0182D7238197310075E20E /* ZigazagPuzzleUITests.swift in Sources */,
			);
			runOnlyForDeploymentPostprocessing = 0;
		};
/* End PBXSourcesBuildPhase section */

/* Begin PBXTargetDependency section */
		BE0182C9238197310075E20E /* PBXTargetDependency */ = {
			isa = PBXTargetDependency;
			target = BE0182B22381972E0075E20E /* ZigazagPuzzle */;
			targetProxy = BE0182C8238197310075E20E /* PBXContainerItemProxy */;
		};
		BE0182D4238197310075E20E /* PBXTargetDependency */ = {
			isa = PBXTargetDependency;
			target = BE0182B22381972E0075E20E /* ZigazagPuzzle */;
			targetProxy = BE0182D3238197310075E20E /* PBXContainerItemProxy */;
		};
/* End PBXTargetDependency section */

/* Begin PBXVariantGroup section */
		BE0182BA2381972E0075E20E /* Main.storyboard */ = {
			isa = PBXVariantGroup;
			children = (
				BE0182BB2381972E0075E20E /* Base */,
			);
			name = Main.storyboard;
			sourceTree = "<group>";
		};
		BE0182BF238197310075E20E /* LaunchScreen.storyboard */ = {
			isa = PBXVariantGroup;
			children = (
				BE0182C0238197310075E20E /* Base */,
			);
			name = LaunchScreen.storyboard;
			sourceTree = "<group>";
		};
/* End PBXVariantGroup section */

/* Begin XCBuildConfiguration section */
		BE0182D9238197310075E20E /* Debug */ = {
			isa = XCBuildConfiguration;
			buildSettings = {
				ALWAYS_SEARCH_USER_PATHS = NO;
				CLANG_ANALYZER_NONNULL = YES;
				CLANG_ANALYZER_NUMBER_OBJECT_CONVERSION = YES_AGGRESSIVE;
				CLANG_CXX_LANGUAGE_STANDARD = "gnu++14";
				CLANG_CXX_LIBRARY = "libc++";
				CLANG_ENABLE_MODULES = YES;
				CLANG_ENABLE_OBJC_ARC = YES;
				CLANG_ENABLE_OBJC_WEAK = YES;
				CLANG_WARN_BLOCK_CAPTURE_AUTORELEASING = YES;
				CLANG_WARN_BOOL_CONVERSION = YES;
				CLANG_WARN_COMMA = YES;
				CLANG_WARN_CONSTANT_CONVERSION = YES;
				CLANG_WARN_DEPRECATED_OBJC_IMPLEMENTATIONS = YES;
				CLANG_WARN_DIRECT_OBJC_ISA_USAGE = YES_ERROR;
				CLANG_WARN_DOCUMENTATION_COMMENTS = YES;
				CLANG_WARN_EMPTY_BODY = YES;
				CLANG_WARN_ENUM_CONVERSION = YES;
				CLANG_WARN_INFINITE_RECURSION = YES;
				CLANG_WARN_INT_CONVERSION = YES;
				CLANG_WARN_NON_LITERAL_NULL_CONVERSION = YES;
				CLANG_WARN_OBJC_IMPLICIT_RETAIN_SELF = YES;
				CLANG_WARN_OBJC_LITERAL_CONVERSION = YES;
				CLANG_WARN_OBJC_ROOT_CLASS = YES_ERROR;
				CLANG_WARN_RANGE_LOOP_ANALYSIS = YES;
				CLANG_WARN_STRICT_PROTOTYPES = YES;
				CLANG_WARN_SUSPICIOUS_MOVE = YES;
				CLANG_WARN_UNGUARDED_AVAILABILITY = YES_AGGRESSIVE;
				CLANG_WARN_UNREACHABLE_CODE = YES;
				CLANG_WARN__DUPLICATE_METHOD_MATCH = YES;
				CODE_SIGN_IDENTITY = "iPhone Developer";
				COPY_PHASE_STRIP = NO;
				DEBUG_INFORMATION_FORMAT = dwarf;
				ENABLE_STRICT_OBJC_MSGSEND = YES;
				ENABLE_TESTABILITY = YES;
				GCC_C_LANGUAGE_STANDARD = gnu11;
				GCC_DYNAMIC_NO_PIC = NO;
				GCC_NO_COMMON_BLOCKS = YES;
				GCC_OPTIMIZATION_LEVEL = 0;
				GCC_PREPROCESSOR_DEFINITIONS = (
					"DEBUG=1",
					"$(inherited)",
				);
				GCC_WARN_64_TO_32_BIT_CONVERSION = YES;
				GCC_WARN_ABOUT_RETURN_TYPE = YES_ERROR;
				GCC_WARN_UNDECLARED_SELECTOR = YES;
				GCC_WARN_UNINITIALIZED_AUTOS = YES_AGGRESSIVE;
				GCC_WARN_UNUSED_FUNCTION = YES;
				GCC_WARN_UNUSED_VARIABLE = YES;
				IPHONEOS_DEPLOYMENT_TARGET = 12.2;
				MTL_ENABLE_DEBUG_INFO = INCLUDE_SOURCE;
				MTL_FAST_MATH = YES;
				ONLY_ACTIVE_ARCH = YES;
				SDKROOT = iphoneos;
				SWIFT_ACTIVE_COMPILATION_CONDITIONS = DEBUG;
				SWIFT_OPTIMIZATION_LEVEL = "-Onone";
			};
			name = Debug;
		};
		BE0182DA238197310075E20E /* Release */ = {
			isa = XCBuildConfiguration;
			buildSettings = {
				ALWAYS_SEARCH_USER_PATHS = NO;
				CLANG_ANALYZER_NONNULL = YES;
				CLANG_ANALYZER_NUMBER_OBJECT_CONVERSION = YES_AGGRESSIVE;
				CLANG_CXX_LANGUAGE_STANDARD = "gnu++14";
				CLANG_CXX_LIBRARY = "libc++";
				CLANG_ENABLE_MODULES = YES;
				CLANG_ENABLE_OBJC_ARC = YES;
				CLANG_ENABLE_OBJC_WEAK = YES;
				CLANG_WARN_BLOCK_CAPTURE_AUTORELEASING = YES;
				CLANG_WARN_BOOL_CONVERSION = YES;
				CLANG_WARN_COMMA = YES;
				CLANG_WARN_CONSTANT_CONVERSION = YES;
				CLANG_WARN_DEPRECATED_OBJC_IMPLEMENTATIONS = YES;
				CLANG_WARN_DIRECT_OBJC_ISA_USAGE = YES_ERROR;
				CLANG_WARN_DOCUMENTATION_COMMENTS = YES;
				CLANG_WARN_EMPTY_BODY = YES;
				CLANG_WARN_ENUM_CONVERSION = YES;
				CLANG_WARN_INFINITE_RECURSION = YES;
				CLANG_WARN_INT_CONVERSION = YES;
				CLANG_WARN_NON_LITERAL_NULL_CONVERSION = YES;
				CLANG_WARN_OBJC_IMPLICIT_RETAIN_SELF = YES;
				CLANG_WARN_OBJC_LITERAL_CONVERSION = YES;
				CLANG_WARN_OBJC_ROOT_CLASS = YES_ERROR;
				CLANG_WARN_RANGE_LOOP_ANALYSIS = YES;
				CLANG_WARN_STRICT_PROTOTYPES = YES;
				CLANG_WARN_SUSPICIOUS_MOVE = YES;
				CLANG_WARN_UNGUARDED_AVAILABILITY = YES_AGGRESSIVE;
				CLANG_WARN_UNREACHABLE_CODE = YES;
				CLANG_WARN__DUPLICATE_METHOD_MATCH = YES;
				CODE_SIGN_IDENTITY = "iPhone Developer";
				COPY_PHASE_STRIP = NO;
				DEBUG_INFORMATION_FORMAT = "dwarf-with-dsym";
				ENABLE_NS_ASSERTIONS = NO;
				ENABLE_STRICT_OBJC_MSGSEND = YES;
				GCC_C_LANGUAGE_STANDARD = gnu11;
				GCC_NO_COMMON_BLOCKS = YES;
				GCC_WARN_64_TO_32_BIT_CONVERSION = YES;
				GCC_WARN_ABOUT_RETURN_TYPE = YES_ERROR;
				GCC_WARN_UNDECLARED_SELECTOR = YES;
				GCC_WARN_UNINITIALIZED_AUTOS = YES_AGGRESSIVE;
				GCC_WARN_UNUSED_FUNCTION = YES;
				GCC_WARN_UNUSED_VARIABLE = YES;
				IPHONEOS_DEPLOYMENT_TARGET = 12.2;
				MTL_ENABLE_DEBUG_INFO = NO;
				MTL_FAST_MATH = YES;
				SDKROOT = iphoneos;
				SWIFT_COMPILATION_MODE = wholemodule;
				SWIFT_OPTIMIZATION_LEVEL = "-O";
				VALIDATE_PRODUCT = YES;
			};
			name = Release;
		};
		BE0182DC238197310075E20E /* Debug */ = {
			isa = XCBuildConfiguration;
			baseConfigurationReference = DDF89DCEE3274BD7337C8CA2 /* Pods-ZigazagPuzzle.debug.xcconfig */;
			buildSettings = {
				ASSETCATALOG_COMPILER_APPICON_NAME = AppIcon;
				CODE_SIGN_STYLE = Automatic;
				DEVELOPMENT_TEAM = 2VZ7V842VP;
				INFOPLIST_FILE = ZigazagPuzzle/Info.plist;
				LD_RUNPATH_SEARCH_PATHS = (
					"$(inherited)",
					"@executable_path/Frameworks",
				);
				PRODUCT_BUNDLE_IDENTIFIER = com.imageapp.zigzagimage;
				PRODUCT_NAME = "$(TARGET_NAME)";
				SWIFT_VERSION = 5.0;
				TARGETED_DEVICE_FAMILY = "1,2";
			};
			name = Debug;
		};
		BE0182DD238197310075E20E /* Release */ = {
			isa = XCBuildConfiguration;
			baseConfigurationReference = 00982F7420CD2207A84ED225 /* Pods-ZigazagPuzzle.release.xcconfig */;
			buildSettings = {
				ASSETCATALOG_COMPILER_APPICON_NAME = AppIcon;
				CODE_SIGN_STYLE = Automatic;
				DEVELOPMENT_TEAM = 2VZ7V842VP;
				INFOPLIST_FILE = ZigazagPuzzle/Info.plist;
				LD_RUNPATH_SEARCH_PATHS = (
					"$(inherited)",
					"@executable_path/Frameworks",
				);
				PRODUCT_BUNDLE_IDENTIFIER = com.imageapp.zigzagimage;
				PRODUCT_NAME = "$(TARGET_NAME)";
				SWIFT_VERSION = 5.0;
				TARGETED_DEVICE_FAMILY = "1,2";
			};
			name = Release;
		};
		BE0182DF238197310075E20E /* Debug */ = {
			isa = XCBuildConfiguration;
			baseConfigurationReference = 74388CCE3667C3B8653E6EBF /* Pods-ZigazagPuzzleTests.debug.xcconfig */;
			buildSettings = {
				ALWAYS_EMBED_SWIFT_STANDARD_LIBRARIES = YES;
				BUNDLE_LOADER = "$(TEST_HOST)";
				CODE_SIGN_STYLE = Automatic;
				DEVELOPMENT_TEAM = 2VZ7V842VP;
				INFOPLIST_FILE = ZigazagPuzzleTests/Info.plist;
				LD_RUNPATH_SEARCH_PATHS = (
					"$(inherited)",
					"@executable_path/Frameworks",
					"@loader_path/Frameworks",
				);
				PRODUCT_BUNDLE_IDENTIFIER = imageapp.ZigazagPuzzleTests;
				PRODUCT_NAME = "$(TARGET_NAME)";
				SWIFT_VERSION = 5.0;
				TARGETED_DEVICE_FAMILY = "1,2";
				TEST_HOST = "$(BUILT_PRODUCTS_DIR)/ZigazagPuzzle.app/ZigazagPuzzle";
			};
			name = Debug;
		};
		BE0182E0238197310075E20E /* Release */ = {
			isa = XCBuildConfiguration;
			baseConfigurationReference = D642C773F0FF74BD58561523 /* Pods-ZigazagPuzzleTests.release.xcconfig */;
			buildSettings = {
				ALWAYS_EMBED_SWIFT_STANDARD_LIBRARIES = YES;
				BUNDLE_LOADER = "$(TEST_HOST)";
				CODE_SIGN_STYLE = Automatic;
				DEVELOPMENT_TEAM = 2VZ7V842VP;
				INFOPLIST_FILE = ZigazagPuzzleTests/Info.plist;
				LD_RUNPATH_SEARCH_PATHS = (
					"$(inherited)",
					"@executable_path/Frameworks",
					"@loader_path/Frameworks",
				);
				PRODUCT_BUNDLE_IDENTIFIER = imageapp.ZigazagPuzzleTests;
				PRODUCT_NAME = "$(TARGET_NAME)";
				SWIFT_VERSION = 5.0;
				TARGETED_DEVICE_FAMILY = "1,2";
				TEST_HOST = "$(BUILT_PRODUCTS_DIR)/ZigazagPuzzle.app/ZigazagPuzzle";
			};
			name = Release;
		};
		BE0182E2238197310075E20E /* Debug */ = {
			isa = XCBuildConfiguration;
			baseConfigurationReference = 2FDCEA749C64D7035D661EA0 /* Pods-ZigazagPuzzle-ZigazagPuzzleUITests.debug.xcconfig */;
			buildSettings = {
				ALWAYS_EMBED_SWIFT_STANDARD_LIBRARIES = YES;
				CODE_SIGN_STYLE = Automatic;
				DEVELOPMENT_TEAM = 2VZ7V842VP;
				INFOPLIST_FILE = ZigazagPuzzleUITests/Info.plist;
				LD_RUNPATH_SEARCH_PATHS = (
					"$(inherited)",
					"@executable_path/Frameworks",
					"@loader_path/Frameworks",
				);
				PRODUCT_BUNDLE_IDENTIFIER = imageapp.ZigazagPuzzleUITests;
				PRODUCT_NAME = "$(TARGET_NAME)";
				SWIFT_VERSION = 5.0;
				TARGETED_DEVICE_FAMILY = "1,2";
				TEST_TARGET_NAME = ZigazagPuzzle;
			};
			name = Debug;
		};
		BE0182E3238197310075E20E /* Release */ = {
			isa = XCBuildConfiguration;
			baseConfigurationReference = 6481CC002412197C63C668FC /* Pods-ZigazagPuzzle-ZigazagPuzzleUITests.release.xcconfig */;
			buildSettings = {
				ALWAYS_EMBED_SWIFT_STANDARD_LIBRARIES = YES;
				CODE_SIGN_STYLE = Automatic;
				DEVELOPMENT_TEAM = 2VZ7V842VP;
				INFOPLIST_FILE = ZigazagPuzzleUITests/Info.plist;
				LD_RUNPATH_SEARCH_PATHS = (
					"$(inherited)",
					"@executable_path/Frameworks",
					"@loader_path/Frameworks",
				);
				PRODUCT_BUNDLE_IDENTIFIER = imageapp.ZigazagPuzzleUITests;
				PRODUCT_NAME = "$(TARGET_NAME)";
				SWIFT_VERSION = 5.0;
				TARGETED_DEVICE_FAMILY = "1,2";
				TEST_TARGET_NAME = ZigazagPuzzle;
			};
			name = Release;
		};
/* End XCBuildConfiguration section */

/* Begin XCConfigurationList section */
		BE0182AE2381972D0075E20E /* Build configuration list for PBXProject "ZigazagPuzzle" */ = {
			isa = XCConfigurationList;
			buildConfigurations = (
				BE0182D9238197310075E20E /* Debug */,
				BE0182DA238197310075E20E /* Release */,
			);
			defaultConfigurationIsVisible = 0;
			defaultConfigurationName = Release;
		};
		BE0182DB238197310075E20E /* Build configuration list for PBXNativeTarget "ZigazagPuzzle" */ = {
			isa = XCConfigurationList;
			buildConfigurations = (
				BE0182DC238197310075E20E /* Debug */,
				BE0182DD238197310075E20E /* Release */,
			);
			defaultConfigurationIsVisible = 0;
			defaultConfigurationName = Release;
		};
		BE0182DE238197310075E20E /* Build configuration list for PBXNativeTarget "ZigazagPuzzleTests" */ = {
			isa = XCConfigurationList;
			buildConfigurations = (
				BE0182DF238197310075E20E /* Debug */,
				BE0182E0238197310075E20E /* Release */,
			);
			defaultConfigurationIsVisible = 0;
			defaultConfigurationName = Release;
		};
		BE0182E1238197310075E20E /* Build configuration list for PBXNativeTarget "ZigazagPuzzleUITests" */ = {
			isa = XCConfigurationList;
			buildConfigurations = (
				BE0182E2238197310075E20E /* Debug */,
				BE0182E3238197310075E20E /* Release */,
			);
			defaultConfigurationIsVisible = 0;
			defaultConfigurationName = Release;
		};
/* End XCConfigurationList section */
	};
	rootObject = BE0182AB2381972D0075E20E /* Project object */;
}
